// !$*UTF8*$!
{
	archiveVersion = 1;
	classes = {
	};
	objectVersion = 56;
	objects = {

/* Begin PBXBuildFile section */
		7001D9B02EC10DEB00047F6B /* ChatInputView.swift in Sources */ = {isa = PBXBuildFile; fileRef = 7001D9AF2EC10DEB00047F6B /* ChatInputView.swift */; };
		7001F55D2BF2F44B00E66BDC /* ollama in Copy Files */ = {isa = PBXBuildFile; fileRef = 7001F55B2BF2F43500E66BDC /* ollama */; settings = {ATTRIBUTES = (CodeSignOnCopy, ); }; };
		7008FD8F2E80414200D62EF6 /* NLEmbedding+.swift in Sources */ = {isa = PBXBuildFile; fileRef = 7008FD8E2E80413E00D62EF6 /* NLEmbedding+.swift */; };
		70097F7D2D6B58E100DDDEDF /* WelcomeView.swift in Sources */ = {isa = PBXBuildFile; fileRef = 70097F7C2D6B58E100DDDEDF /* WelcomeView.swift */; };
		70097F7F2D6C04BB00DDDEDF /* MessageView.swift in Sources */ = {isa = PBXBuildFile; fileRef = 70097F7E2D6C04BB00DDDEDF /* MessageView.swift */; };
		70097F832D6DA73C00DDDEDF /* AppError.swift in Sources */ = {isa = PBXBuildFile; fileRef = 70097F822D6DA73C00DDDEDF /* AppError.swift */; };
		70097F872D6EB0B500DDDEDF /* ServerStatus.swift in Sources */ = {isa = PBXBuildFile; fileRef = 70097F862D6EB0B100DDDEDF /* ServerStatus.swift */; };
		70097F892D6EB0DC00DDDEDF /* GlobalStore.swift in Sources */ = {isa = PBXBuildFile; fileRef = 70097F882D6EB0DA00DDDEDF /* GlobalStore.swift */; };
		70097F8B2D6EB11800DDDEDF /* UserSettings.swift in Sources */ = {isa = PBXBuildFile; fileRef = 70097F8A2D6EB11800DDDEDF /* UserSettings.swift */; };
		70097F8D2D6EB2C400DDDEDF /* Date+.swift in Sources */ = {isa = PBXBuildFile; fileRef = 70097F8C2D6EB2C400DDDEDF /* Date+.swift */; };
		70097F922D6EE16300DDDEDF /* OllamaKit in Frameworks */ = {isa = PBXBuildFile; productRef = 70097F912D6EE16300DDDEDF /* OllamaKit */; };
		700C702A2E52FE830008EF5B /* TagStreamParser.swift in Sources */ = {isa = PBXBuildFile; fileRef = 700C70292E52FE820008EF5B /* TagStreamParser.swift */; };
		700C702C2E52FF730008EF5B /* TagStreamParserTests.swift in Sources */ = {isa = PBXBuildFile; fileRef = 700C702B2E52FF710008EF5B /* TagStreamParserTests.swift */; };
		701954232BC8244E00CD2ED3 /* CollectionManager.swift in Sources */ = {isa = PBXBuildFile; fileRef = 701954222BC8244E00CD2ED3 /* CollectionManager.swift */; };
		701954252BC8286E00CD2ED3 /* FixedLengthTextSplitter.swift in Sources */ = {isa = PBXBuildFile; fileRef = 701954242BC8286E00CD2ED3 /* FixedLengthTextSplitter.swift */; };
		701954272BC8D9ED00CD2ED3 /* AgentPrompt.swift in Sources */ = {isa = PBXBuildFile; fileRef = 701954262BC8D9ED00CD2ED3 /* AgentPrompt.swift */; };
		701954292BCA309300CD2ED3 /* Theme+.swift in Sources */ = {isa = PBXBuildFile; fileRef = 701954282BCA309300CD2ED3 /* Theme+.swift */; };
		7019542B2BCA3CE900CD2ED3 /* CopyButton.swift in Sources */ = {isa = PBXBuildFile; fileRef = 7019542A2BCA3CE900CD2ED3 /* CopyButton.swift */; };
		7019542F2BCAA04A00CD2ED3 /* ErrorWrapper.swift in Sources */ = {isa = PBXBuildFile; fileRef = 7019542E2BCAA04A00CD2ED3 /* ErrorWrapper.swift */; };
		7019545A2BCB9A1400CD2ED3 /* RandomAccessCollection+.swift in Sources */ = {isa = PBXBuildFile; fileRef = 701954592BCB9A1400CD2ED3 /* RandomAccessCollection+.swift */; };
		70271B3C2BC046F300E21A6E /* KnowledgaBaseModelActor.swift in Sources */ = {isa = PBXBuildFile; fileRef = 70271B3B2BC046F300E21A6E /* KnowledgaBaseModelActor.swift */; };
		70271B5E2BC1A97900E21A6E /* ModelStore.swift in Sources */ = {isa = PBXBuildFile; fileRef = 70271B5D2BC1A97900E21A6E /* ModelStore.swift */; };
		7027C41A2D63385F00D37D14 /* jfk.wav in Resources */ = {isa = PBXBuildFile; fileRef = 7027C4192D63385F00D37D14 /* jfk.wav */; };
		7027C41B2D63385F00D37D14 /* jfk.mp3 in Resources */ = {isa = PBXBuildFile; fileRef = 7027C4182D63385F00D37D14 /* jfk.mp3 */; };
		7027C41F2D63396B00D37D14 /* WhisperKit in Frameworks */ = {isa = PBXBuildFile; productRef = 7027C41E2D63396B00D37D14 /* WhisperKit */; };
		7027C4212D63396B00D37D14 /* whisperkit-cli in Frameworks */ = {isa = PBXBuildFile; productRef = 7027C4202D63396B00D37D14 /* whisperkit-cli */; };
		703422112BB6A38C00332E04 /* OllamaKit in Frameworks */ = {isa = PBXBuildFile; productRef = 703422102BB6A38C00332E04 /* OllamaKit */; };
		703845832BB6674600E3128B /* Locale+.swift in Sources */ = {isa = PBXBuildFile; fileRef = 703845822BB6674600E3128B /* Locale+.swift */; };
		7041EA702BB2AACB00286AE3 /* EnvironmentValues+.swift in Sources */ = {isa = PBXBuildFile; fileRef = 7041EA6F2BB2AACB00286AE3 /* EnvironmentValues+.swift */; };
		7041EA722BB2AC8D00286AE3 /* ServerStatusView.swift in Sources */ = {isa = PBXBuildFile; fileRef = 7041EA712BB2AC8D00286AE3 /* ServerStatusView.swift */; };
		704510282E825E3300C0EEED /* TextSplitter.swift in Sources */ = {isa = PBXBuildFile; fileRef = 704510272E825E2F00C0EEED /* TextSplitter.swift */; };
		7045BF452BB314E700CE61D1 /* Bundle+.swift in Sources */ = {isa = PBXBuildFile; fileRef = 7045BF442BB314E700CE61D1 /* Bundle+.swift */; };
		704F0F8D2F14BA1C0023990E /* ToolDefinition.swift in Sources */ = {isa = PBXBuildFile; fileRef = 704F0F8C2F14BA150023990E /* ToolDefinition.swift */; };
		705483F62BBE96AF00256094 /* DownloadedModelsView.swift in Sources */ = {isa = PBXBuildFile; fileRef = 705483F52BBE96AF00256094 /* DownloadedModelsView.swift */; };
		705483F82BBE992800256094 /* DeleteButton.swift in Sources */ = {isa = PBXBuildFile; fileRef = 705483F72BBE992800256094 /* DeleteButton.swift */; };
		7067E8242BCD1AE600FF2797 /* ImageView.swift in Sources */ = {isa = PBXBuildFile; fileRef = 7067E8232BCD1AE600FF2797 /* ImageView.swift */; };
		706D82642F1E1ED600029818 /* Tab.swift in Sources */ = {isa = PBXBuildFile; fileRef = 706D82632F1E1ED400029818 /* Tab.swift */; };
		706D82662F1EB26600029818 /* SpeechManager.swift in Sources */ = {isa = PBXBuildFile; fileRef = 706D82652F1EB26500029818 /* SpeechManager.swift */; };
		7078AB342BB514A9004B3819 /* ModelTaskStatus.swift in Sources */ = {isa = PBXBuildFile; fileRef = 7078AB332BB514A9004B3819 /* ModelTaskStatus.swift */; };
		70873F5F2F2562BB00C07EB3 /* Value.swift in Sources */ = {isa = PBXBuildFile; fileRef = 70873F5E2F2562B800C07EB3 /* Value.swift */; };
		70896C632BB727AB006FEF6A /* ModelContext+.swift in Sources */ = {isa = PBXBuildFile; fileRef = 70896C622BB727AB006FEF6A /* ModelContext+.swift */; };
		708C5EE22F0B8B6100127118 /* ToolExecutor.swift in Sources */ = {isa = PBXBuildFile; fileRef = 708C5EE12F0B8B5D00127118 /* ToolExecutor.swift */; };
		708C5EE42F0B8F6000127118 /* CommandExecutor.swift in Sources */ = {isa = PBXBuildFile; fileRef = 708C5EE32F0B8F5800127118 /* CommandExecutor.swift */; };
		708C5EE72F0B9D6100127118 /* AgentExecutor.swift in Sources */ = {isa = PBXBuildFile; fileRef = 708C5EE62F0B9D5900127118 /* AgentExecutor.swift */; };
		70955E8E2BB2E29B00015B79 /* Comparable+.swift in Sources */ = {isa = PBXBuildFile; fileRef = 70955E8D2BB2E29B00015B79 /* Comparable+.swift */; };
		7097F96B2BB02DD2001A91E3 /* ModelTask.swift in Sources */ = {isa = PBXBuildFile; fileRef = 7097F96A2BB02DD2001A91E3 /* ModelTask.swift */; };
		70A574A82BB0716A008E3750 /* OrderedCollections in Frameworks */ = {isa = PBXBuildFile; productRef = 70A574A72BB0716A008E3750 /* OrderedCollections */; };
		70A574AA2BB07264008E3750 /* Localizable.xcstrings in Resources */ = {isa = PBXBuildFile; fileRef = 70A574A92BB07264008E3750 /* Localizable.xcstrings */; };
		70A574AD2BB0894A008E3750 /* ActivityIndicatorView in Frameworks */ = {isa = PBXBuildFile; productRef = 70A574AC2BB0894A008E3750 /* ActivityIndicatorView */; };
		70B13D022BBAF27700A42F3C /* SVDB in Frameworks */ = {isa = PBXBuildFile; productRef = 70B13D012BBAF27700A42F3C /* SVDB */; };
		70B13D042BBB1F3300A42F3C /* XMLFileParser.swift in Sources */ = {isa = PBXBuildFile; fileRef = 70B13D032BBB1F3300A42F3C /* XMLFileParser.swift */; };
		70B13D062BBBDC2100A42F3C /* FileThumbnail.swift in Sources */ = {isa = PBXBuildFile; fileRef = 70B13D052BBBDC2100A42F3C /* FileThumbnail.swift */; };
		70B13D132BBC66FC00A42F3C /* KnowledgeBaseDetailListView.swift in Sources */ = {isa = PBXBuildFile; fileRef = 70B13D122BBC66FC00A42F3C /* KnowledgeBaseDetailListView.swift */; };
		70B13D152BBC678400A42F3C /* KnowledgeBaseDetailGridView.swift in Sources */ = {isa = PBXBuildFile; fileRef = 70B13D142BBC678400A42F3C /* KnowledgeBaseDetailGridView.swift */; };
		70B13D192BBD58DD00A42F3C /* ModelDetailView.swift in Sources */ = {isa = PBXBuildFile; fileRef = 70B13D182BBD58DD00A42F3C /* ModelDetailView.swift */; };
		70C22FC22BAEC581002754C7 /* Splash in Frameworks */ = {isa = PBXBuildFile; productRef = 70C22FC12BAEC581002754C7 /* Splash */; settings = {ATTRIBUTES = (Required, ); }; };
		70C22FC62BAECD10002754C7 /* VIew+.swift in Sources */ = {isa = PBXBuildFile; fileRef = 70C22FC52BAECD10002754C7 /* VIew+.swift */; };
		70C22FC82BAECD55002754C7 /* Layout.swift in Sources */ = {isa = PBXBuildFile; fileRef = 70C22FC72BAECD55002754C7 /* Layout.swift */; };
		70C22FCC2BAEE24C002754C7 /* Image+.swift in Sources */ = {isa = PBXBuildFile; fileRef = 70C22FCB2BAEE24C002754C7 /* Image+.swift */; };
		70C22FD12BAF2C35002754C7 /* RoundedRectangle+.swift in Sources */ = {isa = PBXBuildFile; fileRef = 70C22FD02BAF2C35002754C7 /* RoundedRectangle+.swift */; };
		70C22FD72BAFD1B6002754C7 /* PlatformImage.swift in Sources */ = {isa = PBXBuildFile; fileRef = 70C22FD62BAFD1B6002754C7 /* PlatformImage.swift */; };
		70C22FDF2BAFD463002754C7 /* Kingfisher in Frameworks */ = {isa = PBXBuildFile; productRef = 70C22FDE2BAFD463002754C7 /* Kingfisher */; };
		70C22FE52BAFD53E002754C7 /* ImageLoader.swift in Sources */ = {isa = PBXBuildFile; fileRef = 70C22FE42BAFD53E002754C7 /* ImageLoader.swift */; };
		70C22FE72BAFD5C2002754C7 /* DefaultImageView.swift in Sources */ = {isa = PBXBuildFile; fileRef = 70C22FE62BAFD5C2002754C7 /* DefaultImageView.swift */; };
		70C22FE92BAFD5CA002754C7 /* ImageButton.swift in Sources */ = {isa = PBXBuildFile; fileRef = 70C22FE82BAFD5CA002754C7 /* ImageButton.swift */; };
		70C22FED2BAFDFE9002754C7 /* TabView+.swift in Sources */ = {isa = PBXBuildFile; fileRef = 70C22FEC2BAFDFE9002754C7 /* TabView+.swift */; };
		70C534112E7535A8006E6731 /* SemanticTextSplitter.swift in Sources */ = {isa = PBXBuildFile; fileRef = 70C534102E7535A8006E6731 /* SemanticTextSplitter.swift */; };
		70CE4D292BB83BF500E1DEE2 /* Pasteboard.swift in Sources */ = {isa = PBXBuildFile; fileRef = 70CE4D282BB83BF500E1DEE2 /* Pasteboard.swift */; };
		70CE4D2F2BB94C7800E1DEE2 /* KnowledgeBase.swift in Sources */ = {isa = PBXBuildFile; fileRef = 70CE4D2E2BB94C7800E1DEE2 /* KnowledgeBase.swift */; };
		70CE4D312BB9500000E1DEE2 /* KnowledgeBaseDetailView.swift in Sources */ = {isa = PBXBuildFile; fileRef = 70CE4D302BB9500000E1DEE2 /* KnowledgeBaseDetailView.swift */; };
		70CE4D332BB9522F00E1DEE2 /* KnowledgeBaseEdition.swift in Sources */ = {isa = PBXBuildFile; fileRef = 70CE4D322BB9522F00E1DEE2 /* KnowledgeBaseEdition.swift */; };
		70CE4D392BB9718900E1DEE2 /* FileManager+.swift in Sources */ = {isa = PBXBuildFile; fileRef = 70CE4D382BB9718900E1DEE2 /* FileManager+.swift */; };
		70CE60682BAD2D4500A2D0B0 /* ModelCraftApp.swift in Sources */ = {isa = PBXBuildFile; fileRef = 70CE60672BAD2D4500A2D0B0 /* ModelCraftApp.swift */; };
		70CE606A2BAD2D4500A2D0B0 /* ContentView.swift in Sources */ = {isa = PBXBuildFile; fileRef = 70CE60692BAD2D4500A2D0B0 /* ContentView.swift */; };
		70CE606E2BAD2D4600A2D0B0 /* Assets.xcassets in Resources */ = {isa = PBXBuildFile; fileRef = 70CE606D2BAD2D4600A2D0B0 /* Assets.xcassets */; };
		70CE60722BAD2D4600A2D0B0 /* Preview Assets.xcassets in Resources */ = {isa = PBXBuildFile; fileRef = 70CE60712BAD2D4600A2D0B0 /* Preview Assets.xcassets */; };
		70CE607C2BAD2D4700A2D0B0 /* ModelCraftTests.swift in Sources */ = {isa = PBXBuildFile; fileRef = 70CE607B2BAD2D4700A2D0B0 /* ModelCraftTests.swift */; };
		70CE60862BAD2D4700A2D0B0 /* ModelCraftUITests.swift in Sources */ = {isa = PBXBuildFile; fileRef = 70CE60852BAD2D4700A2D0B0 /* ModelCraftUITests.swift */; };
		70CE60882BAD2D4700A2D0B0 /* ModelCraftUITestsLaunchTests.swift in Sources */ = {isa = PBXBuildFile; fileRef = 70CE60872BAD2D4700A2D0B0 /* ModelCraftUITestsLaunchTests.swift */; };
		70CE609C2BAD302000A2D0B0 /* LocalFileURL.swift in Sources */ = {isa = PBXBuildFile; fileRef = 70CE60982BAD302000A2D0B0 /* LocalFileURL.swift */; };
		70CE60A22BAD386E00A2D0B0 /* Message.swift in Sources */ = {isa = PBXBuildFile; fileRef = 70CE60A12BAD386E00A2D0B0 /* Message.swift */; };
		70CE60BE2BAD60AE00A2D0B0 /* SettingsView.swift in Sources */ = {isa = PBXBuildFile; fileRef = 70CE60BD2BAD60AE00A2D0B0 /* SettingsView.swift */; };
		70CE60C32BAD616600A2D0B0 /* GeneralView.swift in Sources */ = {isa = PBXBuildFile; fileRef = 70CE60C22BAD616600A2D0B0 /* GeneralView.swift */; };
		70CE60C62BAD61F600A2D0B0 /* UserDefaults+.swift in Sources */ = {isa = PBXBuildFile; fileRef = 70CE60C52BAD61F600A2D0B0 /* UserDefaults+.swift */; };
		70CE60C82BAD705E00A2D0B0 /* Chat.swift in Sources */ = {isa = PBXBuildFile; fileRef = 70CE60C72BAD705E00A2D0B0 /* Chat.swift */; };
		70E201722BADE31700CFE1D7 /* Alamofire in Frameworks */ = {isa = PBXBuildFile; productRef = 70E201712BADE31700CFE1D7 /* Alamofire */; };
		70E2017B2BAE825A00CFE1D7 /* ChatView.swift in Sources */ = {isa = PBXBuildFile; fileRef = 70E2017A2BAE825A00CFE1D7 /* ChatView.swift */; };
		70E2017D2BAEA9DE00CFE1D7 /* OllamaService.swift in Sources */ = {isa = PBXBuildFile; fileRef = 70E2017C2BAEA9DE00CFE1D7 /* OllamaService.swift */; };
		70E201802BAEB86A00CFE1D7 /* MarkdownUI in Frameworks */ = {isa = PBXBuildFile; productRef = 70E2017F2BAEB86A00CFE1D7 /* MarkdownUI */; };
		70E201852BAEC08900CFE1D7 /* SplashCodeSyntaxHighlighter.swift in Sources */ = {isa = PBXBuildFile; fileRef = 70E201842BAEC08900CFE1D7 /* SplashCodeSyntaxHighlighter.swift */; };
		70E201872BAEC0C700CFE1D7 /* TextOutputFormat.swift in Sources */ = {isa = PBXBuildFile; fileRef = 70E201862BAEC0C700CFE1D7 /* TextOutputFormat.swift */; };
		70E907632D646D94006D8FDA /* AcknowledgmentView.swift in Sources */ = {isa = PBXBuildFile; fileRef = 70E907622D646D94006D8FDA /* AcknowledgmentView.swift */; };
		70FDA0202F20B67C00F9DBD8 /* ThoughtView.swift in Sources */ = {isa = PBXBuildFile; fileRef = 70FDA01F2F20B67700F9DBD8 /* ThoughtView.swift */; };
		70FDA0222F20C1B100F9DBD8 /* Tool.swift in Sources */ = {isa = PBXBuildFile; fileRef = 70FDA0212F20C1B000F9DBD8 /* Tool.swift */; };
		70FDA0242F20C21300F9DBD8 /* ToolCall.swift in Sources */ = {isa = PBXBuildFile; fileRef = 70FDA0232F20C21000F9DBD8 /* ToolCall.swift */; };
		70FE039F2F13EFA20061CCEB /* ChatService.swift in Sources */ = {isa = PBXBuildFile; fileRef = 70FE039E2F13EF9D0061CCEB /* ChatService.swift */; };
		70FE03A22F13FDDE0061CCEB /* ChatModelActor.swift in Sources */ = {isa = PBXBuildFile; fileRef = 70FE03A12F13FDD90061CCEB /* ChatModelActor.swift */; };
/* End PBXBuildFile section */

/* Begin PBXContainerItemProxy section */
		70CE60782BAD2D4700A2D0B0 /* PBXContainerItemProxy */ = {
			isa = PBXContainerItemProxy;
			containerPortal = 70CE605C2BAD2D4500A2D0B0 /* Project object */;
			proxyType = 1;
			remoteGlobalIDString = 70CE60632BAD2D4500A2D0B0;
			remoteInfo = ModelCraft;
		};
		70CE60822BAD2D4700A2D0B0 /* PBXContainerItemProxy */ = {
			isa = PBXContainerItemProxy;
			containerPortal = 70CE605C2BAD2D4500A2D0B0 /* Project object */;
			proxyType = 1;
			remoteGlobalIDString = 70CE60632BAD2D4500A2D0B0;
			remoteInfo = ModelCraft;
		};
/* End PBXContainerItemProxy section */

/* Begin PBXCopyFilesBuildPhase section */
		701954442BCB943A00CD2ED3 /* Embed XPC Services */ = {
			isa = PBXCopyFilesBuildPhase;
			buildActionMask = 2147483647;
			dstPath = "$(CONTENTS_FOLDER_PATH)/XPCServices";
			dstSubfolderSpec = 16;
			files = (
			);
			name = "Embed XPC Services";
			runOnlyForDeploymentPostprocessing = 0;
		};
		70271B392BC0454600E21A6E /* Copy Files */ = {
			isa = PBXCopyFilesBuildPhase;
			buildActionMask = 2147483647;
			dstPath = "";
			dstSubfolderSpec = 6;
			files = (
				7001F55D2BF2F44B00E66BDC /* ollama in Copy Files */,
			);
			name = "Copy Files";
			runOnlyForDeploymentPostprocessing = 0;
		};
/* End PBXCopyFilesBuildPhase section */

/* Begin PBXFileReference section */
		7001D9AF2EC10DEB00047F6B /* ChatInputView.swift */ = {isa = PBXFileReference; lastKnownFileType = sourcecode.swift; path = ChatInputView.swift; sourceTree = "<group>"; };
		7001F55B2BF2F43500E66BDC /* ollama */ = {isa = PBXFileReference; lastKnownFileType = "compiled.mach-o.executable"; path = ollama; sourceTree = "<group>"; };
		7008FD8E2E80413E00D62EF6 /* NLEmbedding+.swift */ = {isa = PBXFileReference; lastKnownFileType = sourcecode.swift; path = "NLEmbedding+.swift"; sourceTree = "<group>"; };
		70097F7C2D6B58E100DDDEDF /* WelcomeView.swift */ = {isa = PBXFileReference; lastKnownFileType = sourcecode.swift; path = WelcomeView.swift; sourceTree = "<group>"; };
		70097F7E2D6C04BB00DDDEDF /* MessageView.swift */ = {isa = PBXFileReference; lastKnownFileType = sourcecode.swift; path = MessageView.swift; sourceTree = "<group>"; };
		70097F822D6DA73C00DDDEDF /* AppError.swift */ = {isa = PBXFileReference; lastKnownFileType = sourcecode.swift; path = AppError.swift; sourceTree = "<group>"; };
		70097F862D6EB0B100DDDEDF /* ServerStatus.swift */ = {isa = PBXFileReference; lastKnownFileType = sourcecode.swift; path = ServerStatus.swift; sourceTree = "<group>"; };
		70097F882D6EB0DA00DDDEDF /* GlobalStore.swift */ = {isa = PBXFileReference; lastKnownFileType = sourcecode.swift; path = GlobalStore.swift; sourceTree = "<group>"; };
		70097F8A2D6EB11800DDDEDF /* UserSettings.swift */ = {isa = PBXFileReference; lastKnownFileType = sourcecode.swift; path = UserSettings.swift; sourceTree = "<group>"; };
		70097F8C2D6EB2C400DDDEDF /* Date+.swift */ = {isa = PBXFileReference; lastKnownFileType = sourcecode.swift; path = "Date+.swift"; sourceTree = "<group>"; };
		700C70292E52FE820008EF5B /* TagStreamParser.swift */ = {isa = PBXFileReference; lastKnownFileType = sourcecode.swift; path = TagStreamParser.swift; sourceTree = "<group>"; };
		700C702B2E52FF710008EF5B /* TagStreamParserTests.swift */ = {isa = PBXFileReference; lastKnownFileType = sourcecode.swift; path = TagStreamParserTests.swift; sourceTree = "<group>"; };
		701954222BC8244E00CD2ED3 /* CollectionManager.swift */ = {isa = PBXFileReference; lastKnownFileType = sourcecode.swift; path = CollectionManager.swift; sourceTree = "<group>"; };
		701954242BC8286E00CD2ED3 /* FixedLengthTextSplitter.swift */ = {isa = PBXFileReference; lastKnownFileType = sourcecode.swift; path = FixedLengthTextSplitter.swift; sourceTree = "<group>"; };
		701954262BC8D9ED00CD2ED3 /* AgentPrompt.swift */ = {isa = PBXFileReference; lastKnownFileType = sourcecode.swift; path = AgentPrompt.swift; sourceTree = "<group>"; };
		701954282BCA309300CD2ED3 /* Theme+.swift */ = {isa = PBXFileReference; lastKnownFileType = sourcecode.swift; path = "Theme+.swift"; sourceTree = "<group>"; };
		7019542A2BCA3CE900CD2ED3 /* CopyButton.swift */ = {isa = PBXFileReference; lastKnownFileType = sourcecode.swift; path = CopyButton.swift; sourceTree = "<group>"; };
		7019542E2BCAA04A00CD2ED3 /* ErrorWrapper.swift */ = {isa = PBXFileReference; fileEncoding = 4; lastKnownFileType = sourcecode.swift; path = ErrorWrapper.swift; sourceTree = "<group>"; };
		701954592BCB9A1400CD2ED3 /* RandomAccessCollection+.swift */ = {isa = PBXFileReference; fileEncoding = 4; lastKnownFileType = sourcecode.swift; path = "RandomAccessCollection+.swift"; sourceTree = "<group>"; };
		70271B3B2BC046F300E21A6E /* KnowledgaBaseModelActor.swift */ = {isa = PBXFileReference; lastKnownFileType = sourcecode.swift; path = KnowledgaBaseModelActor.swift; sourceTree = "<group>"; };
		70271B5D2BC1A97900E21A6E /* ModelStore.swift */ = {isa = PBXFileReference; fileEncoding = 4; lastKnownFileType = sourcecode.swift; path = ModelStore.swift; sourceTree = "<group>"; };
		7027C4182D63385F00D37D14 /* jfk.mp3 */ = {isa = PBXFileReference; lastKnownFileType = audio.mp3; path = jfk.mp3; sourceTree = "<group>"; };
		7027C4192D63385F00D37D14 /* jfk.wav */ = {isa = PBXFileReference; lastKnownFileType = audio.wav; path = jfk.wav; sourceTree = "<group>"; };
		703845822BB6674600E3128B /* Locale+.swift */ = {isa = PBXFileReference; lastKnownFileType = sourcecode.swift; path = "Locale+.swift"; sourceTree = "<group>"; };
		7041EA6F2BB2AACB00286AE3 /* EnvironmentValues+.swift */ = {isa = PBXFileReference; lastKnownFileType = sourcecode.swift; path = "EnvironmentValues+.swift"; sourceTree = "<group>"; };
		7041EA712BB2AC8D00286AE3 /* ServerStatusView.swift */ = {isa = PBXFileReference; lastKnownFileType = sourcecode.swift; path = ServerStatusView.swift; sourceTree = "<group>"; };
		704510272E825E2F00C0EEED /* TextSplitter.swift */ = {isa = PBXFileReference; lastKnownFileType = sourcecode.swift; path = TextSplitter.swift; sourceTree = "<group>"; };
		7045BF442BB314E700CE61D1 /* Bundle+.swift */ = {isa = PBXFileReference; lastKnownFileType = sourcecode.swift; path = "Bundle+.swift"; sourceTree = "<group>"; };
		7045BF462BB3FE0A00CE61D1 /* Info.plist */ = {isa = PBXFileReference; lastKnownFileType = text.plist; path = Info.plist; sourceTree = "<group>"; };
		704F0F8C2F14BA150023990E /* ToolDefinition.swift */ = {isa = PBXFileReference; lastKnownFileType = sourcecode.swift; path = ToolDefinition.swift; sourceTree = "<group>"; };
		705483F52BBE96AF00256094 /* DownloadedModelsView.swift */ = {isa = PBXFileReference; lastKnownFileType = sourcecode.swift; path = DownloadedModelsView.swift; sourceTree = "<group>"; };
		705483F72BBE992800256094 /* DeleteButton.swift */ = {isa = PBXFileReference; lastKnownFileType = sourcecode.swift; path = DeleteButton.swift; sourceTree = "<group>"; };
		7067E8232BCD1AE600FF2797 /* ImageView.swift */ = {isa = PBXFileReference; lastKnownFileType = sourcecode.swift; path = ImageView.swift; sourceTree = "<group>"; };
		706D82632F1E1ED400029818 /* Tab.swift */ = {isa = PBXFileReference; lastKnownFileType = sourcecode.swift; path = Tab.swift; sourceTree = "<group>"; };
		706D82652F1EB26500029818 /* SpeechManager.swift */ = {isa = PBXFileReference; lastKnownFileType = sourcecode.swift; path = SpeechManager.swift; sourceTree = "<group>"; };
		7078AB332BB514A9004B3819 /* ModelTaskStatus.swift */ = {isa = PBXFileReference; lastKnownFileType = sourcecode.swift; path = ModelTaskStatus.swift; sourceTree = "<group>"; };
		70873F5E2F2562B800C07EB3 /* Value.swift */ = {isa = PBXFileReference; lastKnownFileType = sourcecode.swift; path = Value.swift; sourceTree = "<group>"; };
		70896C622BB727AB006FEF6A /* ModelContext+.swift */ = {isa = PBXFileReference; lastKnownFileType = sourcecode.swift; path = "ModelContext+.swift"; sourceTree = "<group>"; };
		708C5EE12F0B8B5D00127118 /* ToolExecutor.swift */ = {isa = PBXFileReference; lastKnownFileType = sourcecode.swift; path = ToolExecutor.swift; sourceTree = "<group>"; };
		708C5EE32F0B8F5800127118 /* CommandExecutor.swift */ = {isa = PBXFileReference; lastKnownFileType = sourcecode.swift; path = CommandExecutor.swift; sourceTree = "<group>"; };
		708C5EE62F0B9D5900127118 /* AgentExecutor.swift */ = {isa = PBXFileReference; lastKnownFileType = sourcecode.swift; path = AgentExecutor.swift; sourceTree = "<group>"; };
		70955E8D2BB2E29B00015B79 /* Comparable+.swift */ = {isa = PBXFileReference; fileEncoding = 4; lastKnownFileType = sourcecode.swift; path = "Comparable+.swift"; sourceTree = "<group>"; };
		7097F96A2BB02DD2001A91E3 /* ModelTask.swift */ = {isa = PBXFileReference; lastKnownFileType = sourcecode.swift; path = ModelTask.swift; sourceTree = "<group>"; };
		70A574A92BB07264008E3750 /* Localizable.xcstrings */ = {isa = PBXFileReference; lastKnownFileType = text.json.xcstrings; path = Localizable.xcstrings; sourceTree = "<group>"; };
		70B13D032BBB1F3300A42F3C /* XMLFileParser.swift */ = {isa = PBXFileReference; lastKnownFileType = sourcecode.swift; path = XMLFileParser.swift; sourceTree = "<group>"; };
		70B13D052BBBDC2100A42F3C /* FileThumbnail.swift */ = {isa = PBXFileReference; lastKnownFileType = sourcecode.swift; path = FileThumbnail.swift; sourceTree = "<group>"; };
		70B13D122BBC66FC00A42F3C /* KnowledgeBaseDetailListView.swift */ = {isa = PBXFileReference; lastKnownFileType = sourcecode.swift; path = KnowledgeBaseDetailListView.swift; sourceTree = "<group>"; };
		70B13D142BBC678400A42F3C /* KnowledgeBaseDetailGridView.swift */ = {isa = PBXFileReference; lastKnownFileType = sourcecode.swift; path = KnowledgeBaseDetailGridView.swift; sourceTree = "<group>"; };
		70B13D182BBD58DD00A42F3C /* ModelDetailView.swift */ = {isa = PBXFileReference; lastKnownFileType = sourcecode.swift; path = ModelDetailView.swift; sourceTree = "<group>"; };
		70C22FC52BAECD10002754C7 /* VIew+.swift */ = {isa = PBXFileReference; lastKnownFileType = sourcecode.swift; path = "VIew+.swift"; sourceTree = "<group>"; };
		70C22FC72BAECD55002754C7 /* Layout.swift */ = {isa = PBXFileReference; lastKnownFileType = sourcecode.swift; path = Layout.swift; sourceTree = "<group>"; };
		70C22FCB2BAEE24C002754C7 /* Image+.swift */ = {isa = PBXFileReference; fileEncoding = 4; lastKnownFileType = sourcecode.swift; path = "Image+.swift"; sourceTree = "<group>"; };
		70C22FD02BAF2C35002754C7 /* RoundedRectangle+.swift */ = {isa = PBXFileReference; lastKnownFileType = sourcecode.swift; path = "RoundedRectangle+.swift"; sourceTree = "<group>"; };
		70C22FD62BAFD1B6002754C7 /* PlatformImage.swift */ = {isa = PBXFileReference; fileEncoding = 4; lastKnownFileType = sourcecode.swift; path = PlatformImage.swift; sourceTree = "<group>"; };
		70C22FE42BAFD53E002754C7 /* ImageLoader.swift */ = {isa = PBXFileReference; lastKnownFileType = sourcecode.swift; path = ImageLoader.swift; sourceTree = "<group>"; };
		70C22FE62BAFD5C2002754C7 /* DefaultImageView.swift */ = {isa = PBXFileReference; fileEncoding = 4; lastKnownFileType = sourcecode.swift; path = DefaultImageView.swift; sourceTree = "<group>"; };
		70C22FE82BAFD5CA002754C7 /* ImageButton.swift */ = {isa = PBXFileReference; fileEncoding = 4; lastKnownFileType = sourcecode.swift; path = ImageButton.swift; sourceTree = "<group>"; };
		70C22FEC2BAFDFE9002754C7 /* TabView+.swift */ = {isa = PBXFileReference; fileEncoding = 4; lastKnownFileType = sourcecode.swift; path = "TabView+.swift"; sourceTree = "<group>"; };
		70C534102E7535A8006E6731 /* SemanticTextSplitter.swift */ = {isa = PBXFileReference; lastKnownFileType = sourcecode.swift; path = SemanticTextSplitter.swift; sourceTree = "<group>"; };
		70CE4D282BB83BF500E1DEE2 /* Pasteboard.swift */ = {isa = PBXFileReference; lastKnownFileType = sourcecode.swift; path = Pasteboard.swift; sourceTree = "<group>"; };
		70CE4D2E2BB94C7800E1DEE2 /* KnowledgeBase.swift */ = {isa = PBXFileReference; lastKnownFileType = sourcecode.swift; path = KnowledgeBase.swift; sourceTree = "<group>"; };
		70CE4D302BB9500000E1DEE2 /* KnowledgeBaseDetailView.swift */ = {isa = PBXFileReference; lastKnownFileType = sourcecode.swift; path = KnowledgeBaseDetailView.swift; sourceTree = "<group>"; };
		70CE4D322BB9522F00E1DEE2 /* KnowledgeBaseEdition.swift */ = {isa = PBXFileReference; lastKnownFileType = sourcecode.swift; path = KnowledgeBaseEdition.swift; sourceTree = "<group>"; };
		70CE4D382BB9718900E1DEE2 /* FileManager+.swift */ = {isa = PBXFileReference; fileEncoding = 4; lastKnownFileType = sourcecode.swift; path = "FileManager+.swift"; sourceTree = "<group>"; };
		70CE60642BAD2D4500A2D0B0 /* ModelCraft.app */ = {isa = PBXFileReference; explicitFileType = wrapper.application; includeInIndex = 0; path = ModelCraft.app; sourceTree = BUILT_PRODUCTS_DIR; };
		70CE60672BAD2D4500A2D0B0 /* ModelCraftApp.swift */ = {isa = PBXFileReference; lastKnownFileType = sourcecode.swift; path = ModelCraftApp.swift; sourceTree = "<group>"; };
		70CE60692BAD2D4500A2D0B0 /* ContentView.swift */ = {isa = PBXFileReference; lastKnownFileType = sourcecode.swift; path = ContentView.swift; sourceTree = "<group>"; };
		70CE606D2BAD2D4600A2D0B0 /* Assets.xcassets */ = {isa = PBXFileReference; lastKnownFileType = folder.assetcatalog; path = Assets.xcassets; sourceTree = "<group>"; };
		70CE606F2BAD2D4600A2D0B0 /* ModelCraft.entitlements */ = {isa = PBXFileReference; lastKnownFileType = text.plist.entitlements; path = ModelCraft.entitlements; sourceTree = "<group>"; };
		70CE60712BAD2D4600A2D0B0 /* Preview Assets.xcassets */ = {isa = PBXFileReference; lastKnownFileType = folder.assetcatalog; path = "Preview Assets.xcassets"; sourceTree = "<group>"; };
		70CE60772BAD2D4700A2D0B0 /* ModelCraftTests.xctest */ = {isa = PBXFileReference; explicitFileType = wrapper.cfbundle; includeInIndex = 0; path = ModelCraftTests.xctest; sourceTree = BUILT_PRODUCTS_DIR; };
		70CE607B2BAD2D4700A2D0B0 /* ModelCraftTests.swift */ = {isa = PBXFileReference; lastKnownFileType = sourcecode.swift; path = ModelCraftTests.swift; sourceTree = "<group>"; };
		70CE60812BAD2D4700A2D0B0 /* ModelCraftUITests.xctest */ = {isa = PBXFileReference; explicitFileType = wrapper.cfbundle; includeInIndex = 0; path = ModelCraftUITests.xctest; sourceTree = BUILT_PRODUCTS_DIR; };
		70CE60852BAD2D4700A2D0B0 /* ModelCraftUITests.swift */ = {isa = PBXFileReference; lastKnownFileType = sourcecode.swift; path = ModelCraftUITests.swift; sourceTree = "<group>"; };
		70CE60872BAD2D4700A2D0B0 /* ModelCraftUITestsLaunchTests.swift */ = {isa = PBXFileReference; lastKnownFileType = sourcecode.swift; path = ModelCraftUITestsLaunchTests.swift; sourceTree = "<group>"; };
		70CE60982BAD302000A2D0B0 /* LocalFileURL.swift */ = {isa = PBXFileReference; fileEncoding = 4; lastKnownFileType = sourcecode.swift; path = LocalFileURL.swift; sourceTree = "<group>"; };
		70CE60A12BAD386E00A2D0B0 /* Message.swift */ = {isa = PBXFileReference; lastKnownFileType = sourcecode.swift; path = Message.swift; sourceTree = "<group>"; };
		70CE60BD2BAD60AE00A2D0B0 /* SettingsView.swift */ = {isa = PBXFileReference; lastKnownFileType = sourcecode.swift; path = SettingsView.swift; sourceTree = "<group>"; };
		70CE60C22BAD616600A2D0B0 /* GeneralView.swift */ = {isa = PBXFileReference; lastKnownFileType = sourcecode.swift; path = GeneralView.swift; sourceTree = "<group>"; };
		70CE60C52BAD61F600A2D0B0 /* UserDefaults+.swift */ = {isa = PBXFileReference; fileEncoding = 4; lastKnownFileType = sourcecode.swift; path = "UserDefaults+.swift"; sourceTree = "<group>"; };
		70CE60C72BAD705E00A2D0B0 /* Chat.swift */ = {isa = PBXFileReference; lastKnownFileType = sourcecode.swift; path = Chat.swift; sourceTree = "<group>"; };
		70E2017A2BAE825A00CFE1D7 /* ChatView.swift */ = {isa = PBXFileReference; lastKnownFileType = sourcecode.swift; path = ChatView.swift; sourceTree = "<group>"; };
		70E2017C2BAEA9DE00CFE1D7 /* OllamaService.swift */ = {isa = PBXFileReference; lastKnownFileType = sourcecode.swift; path = OllamaService.swift; sourceTree = "<group>"; };
		70E201842BAEC08900CFE1D7 /* SplashCodeSyntaxHighlighter.swift */ = {isa = PBXFileReference; lastKnownFileType = sourcecode.swift; path = SplashCodeSyntaxHighlighter.swift; sourceTree = "<group>"; };
		70E201862BAEC0C700CFE1D7 /* TextOutputFormat.swift */ = {isa = PBXFileReference; lastKnownFileType = sourcecode.swift; path = TextOutputFormat.swift; sourceTree = "<group>"; };
		70E907622D646D94006D8FDA /* AcknowledgmentView.swift */ = {isa = PBXFileReference; lastKnownFileType = sourcecode.swift; path = AcknowledgmentView.swift; sourceTree = "<group>"; };
		70FDA01F2F20B67700F9DBD8 /* ThoughtView.swift */ = {isa = PBXFileReference; lastKnownFileType = sourcecode.swift; path = ThoughtView.swift; sourceTree = "<group>"; };
		70FDA0212F20C1B000F9DBD8 /* Tool.swift */ = {isa = PBXFileReference; lastKnownFileType = sourcecode.swift; path = Tool.swift; sourceTree = "<group>"; };
		70FDA0232F20C21000F9DBD8 /* ToolCall.swift */ = {isa = PBXFileReference; lastKnownFileType = sourcecode.swift; path = ToolCall.swift; sourceTree = "<group>"; };
		70FE039E2F13EF9D0061CCEB /* ChatService.swift */ = {isa = PBXFileReference; lastKnownFileType = sourcecode.swift; path = ChatService.swift; sourceTree = "<group>"; };
		70FE03A12F13FDD90061CCEB /* ChatModelActor.swift */ = {isa = PBXFileReference; lastKnownFileType = sourcecode.swift; path = ChatModelActor.swift; sourceTree = "<group>"; };
/* End PBXFileReference section */

/* Begin PBXFrameworksBuildPhase section */
		70CE60612BAD2D4500A2D0B0 /* Frameworks */ = {
			isa = PBXFrameworksBuildPhase;
			buildActionMask = 2147483647;
			files = (
				70A574A82BB0716A008E3750 /* OrderedCollections in Frameworks */,
				70C22FDF2BAFD463002754C7 /* Kingfisher in Frameworks */,
				70E201722BADE31700CFE1D7 /* Alamofire in Frameworks */,
				7027C41F2D63396B00D37D14 /* WhisperKit in Frameworks */,
				70B13D022BBAF27700A42F3C /* SVDB in Frameworks */,
				70E201802BAEB86A00CFE1D7 /* MarkdownUI in Frameworks */,
				70A574AD2BB0894A008E3750 /* ActivityIndicatorView in Frameworks */,
				7027C4212D63396B00D37D14 /* whisperkit-cli in Frameworks */,
				70097F922D6EE16300DDDEDF /* OllamaKit in Frameworks */,
				70C22FC22BAEC581002754C7 /* Splash in Frameworks */,
				703422112BB6A38C00332E04 /* OllamaKit in Frameworks */,
			);
			runOnlyForDeploymentPostprocessing = 0;
		};
		70CE60742BAD2D4700A2D0B0 /* Frameworks */ = {
			isa = PBXFrameworksBuildPhase;
			buildActionMask = 2147483647;
			files = (
			);
			runOnlyForDeploymentPostprocessing = 0;
		};
		70CE607E2BAD2D4700A2D0B0 /* Frameworks */ = {
			isa = PBXFrameworksBuildPhase;
			buildActionMask = 2147483647;
			files = (
			);
			runOnlyForDeploymentPostprocessing = 0;
		};
/* End PBXFrameworksBuildPhase section */

/* Begin PBXGroup section */
		701954182BC788D200CD2ED3 /* Executables */ = {
			isa = PBXGroup;
			children = (
				7001F55B2BF2F43500E66BDC /* ollama */,
			);
			path = Executables;
			sourceTree = "<group>";
		};
		7027C4172D63384100D37D14 /* TestResources */ = {
			isa = PBXGroup;
			children = (
				7027C4182D63385F00D37D14 /* jfk.mp3 */,
				7027C4192D63385F00D37D14 /* jfk.wav */,
			);
			path = TestResources;
			sourceTree = "<group>";
		};
		706D729D2BB6B076004ACF35 /* Services */ = {
			isa = PBXGroup;
			children = (
				70FE039E2F13EF9D0061CCEB /* ChatService.swift */,
				70E2017C2BAEA9DE00CFE1D7 /* OllamaService.swift */,
			);
			path = Services;
			sourceTree = "<group>";
		};
		7078AB302BB510A1004B3819 /* Model */ = {
			isa = PBXGroup;
			children = (
				70271B5D2BC1A97900E21A6E /* ModelStore.swift */,
				70B13D182BBD58DD00A42F3C /* ModelDetailView.swift */,
				705483F52BBE96AF00256094 /* DownloadedModelsView.swift */,
			);
			path = Model;
			sourceTree = "<group>";
		};
		708C5EDC2F0B858600127118 /* UI */ = {
			isa = PBXGroup;
			children = (
				708C5EDD2F0B868900127118 /* Styles */,
				70C22FD52BAFD1AA002754C7 /* Components */,
			);
			path = UI;
			sourceTree = "<group>";
		};
		708C5EDD2F0B868900127118 /* Styles */ = {
			isa = PBXGroup;
			children = (
				70E201862BAEC0C700CFE1D7 /* TextOutputFormat.swift */,
				70C22FC72BAECD55002754C7 /* Layout.swift */,
				70E201842BAEC08900CFE1D7 /* SplashCodeSyntaxHighlighter.swift */,
			);
			path = Styles;
			sourceTree = "<group>";
		};
		708C5EDE2F0B86F000127118 /* Core */ = {
			isa = PBXGroup;
			children = (
				70CE60982BAD302000A2D0B0 /* LocalFileURL.swift */,
				70FE03A02F13FD820061CCEB /* Actor */,
				708C5EE02F0B8B1500127118 /* Agents */,
				70FDA0252F20D31F00F9DBD8 /* Utils */,
			);
			path = Core;
			sourceTree = "<group>";
		};
		708C5EDF2F0B86F900127118 /* Persistence */ = {
			isa = PBXGroup;
			children = (
				70CE60A12BAD386E00A2D0B0 /* Message.swift */,
				70CE60C72BAD705E00A2D0B0 /* Chat.swift */,
				70CE4D2E2BB94C7800E1DEE2 /* KnowledgeBase.swift */,
				7097F96A2BB02DD2001A91E3 /* ModelTask.swift */,
			);
			path = Persistence;
			sourceTree = "<group>";
		};
		708C5EE02F0B8B1500127118 /* Agents */ = {
			isa = PBXGroup;
			children = (
				708C5EE32F0B8F5800127118 /* CommandExecutor.swift */,
				708C5EE62F0B9D5900127118 /* AgentExecutor.swift */,
				708C5EE12F0B8B5D00127118 /* ToolExecutor.swift */,
			);
			path = Agents;
			sourceTree = "<group>";
		};
		70C22FD52BAFD1AA002754C7 /* Components */ = {
			isa = PBXGroup;
			children = (
				7019542A2BCA3CE900CD2ED3 /* CopyButton.swift */,
				70C22FE62BAFD5C2002754C7 /* DefaultImageView.swift */,
				705483F72BBE992800256094 /* DeleteButton.swift */,
				70B13D052BBBDC2100A42F3C /* FileThumbnail.swift */,
				70C22FE82BAFD5CA002754C7 /* ImageButton.swift */,
				70C22FE42BAFD53E002754C7 /* ImageLoader.swift */,
				7078AB332BB514A9004B3819 /* ModelTaskStatus.swift */,
				70C22FD62BAFD1B6002754C7 /* PlatformImage.swift */,
				7041EA712BB2AC8D00286AE3 /* ServerStatusView.swift */,
			);
			path = Components;
			sourceTree = "<group>";
		};
		70CE4D2D2BB94C4300E1DEE2 /* KnowledgeBase */ = {
			isa = PBXGroup;
			children = (
				70B13D142BBC678400A42F3C /* KnowledgeBaseDetailGridView.swift */,
				70B13D122BBC66FC00A42F3C /* KnowledgeBaseDetailListView.swift */,
				70CE4D302BB9500000E1DEE2 /* KnowledgeBaseDetailView.swift */,
				70CE4D322BB9522F00E1DEE2 /* KnowledgeBaseEdition.swift */,
			);
			path = KnowledgeBase;
			sourceTree = "<group>";
		};
		70CE605B2BAD2D4500A2D0B0 = {
			isa = PBXGroup;
			children = (
				70CE60662BAD2D4500A2D0B0 /* ModelCraft */,
				70CE607A2BAD2D4700A2D0B0 /* ModelCraftTests */,
				70CE60842BAD2D4700A2D0B0 /* ModelCraftUITests */,
				70CE60652BAD2D4500A2D0B0 /* Products */,
			);
			sourceTree = "<group>";
		};
		70CE60652BAD2D4500A2D0B0 /* Products */ = {
			isa = PBXGroup;
			children = (
				70CE60642BAD2D4500A2D0B0 /* ModelCraft.app */,
				70CE60772BAD2D4700A2D0B0 /* ModelCraftTests.xctest */,
				70CE60812BAD2D4700A2D0B0 /* ModelCraftUITests.xctest */,
			);
			name = Products;
			sourceTree = "<group>";
		};
		70CE60662BAD2D4500A2D0B0 /* ModelCraft */ = {
			isa = PBXGroup;
			children = (
				70CE606F2BAD2D4600A2D0B0 /* ModelCraft.entitlements */,
				7045BF462BB3FE0A00CE61D1 /* Info.plist */,
				70CE60692BAD2D4500A2D0B0 /* ContentView.swift */,
				70CE60672BAD2D4500A2D0B0 /* ModelCraftApp.swift */,
				70CE606D2BAD2D4600A2D0B0 /* Assets.xcassets */,
				70A574A92BB07264008E3750 /* Localizable.xcstrings */,
				708C5EDE2F0B86F000127118 /* Core */,
				701954182BC788D200CD2ED3 /* Executables */,
				70CE609A2BAD302000A2D0B0 /* Extensions */,
				70CE60C92BAD7A4700A2D0B0 /* Features */,
				70FDA0262F20D32900F9DBD8 /* Models */,
				70CE60702BAD2D4600A2D0B0 /* Preview Content */,
				706D729D2BB6B076004ACF35 /* Services */,
				708C5EDC2F0B858600127118 /* UI */,
			);
			path = ModelCraft;
			sourceTree = "<group>";
		};
		70CE60702BAD2D4600A2D0B0 /* Preview Content */ = {
			isa = PBXGroup;
			children = (
				70CE60712BAD2D4600A2D0B0 /* Preview Assets.xcassets */,
			);
			path = "Preview Content";
			sourceTree = "<group>";
		};
		70CE607A2BAD2D4700A2D0B0 /* ModelCraftTests */ = {
			isa = PBXGroup;
			children = (
				700C702B2E52FF710008EF5B /* TagStreamParserTests.swift */,
				7027C4172D63384100D37D14 /* TestResources */,
				70CE607B2BAD2D4700A2D0B0 /* ModelCraftTests.swift */,
			);
			path = ModelCraftTests;
			sourceTree = "<group>";
		};
		70CE60842BAD2D4700A2D0B0 /* ModelCraftUITests */ = {
			isa = PBXGroup;
			children = (
				70CE60852BAD2D4700A2D0B0 /* ModelCraftUITests.swift */,
				70CE60872BAD2D4700A2D0B0 /* ModelCraftUITestsLaunchTests.swift */,
			);
			path = ModelCraftUITests;
			sourceTree = "<group>";
		};
		70CE609A2BAD302000A2D0B0 /* Extensions */ = {
			isa = PBXGroup;
			children = (
				7008FD8E2E80413E00D62EF6 /* NLEmbedding+.swift */,
				70955E8D2BB2E29B00015B79 /* Comparable+.swift */,
				70097F8C2D6EB2C400DDDEDF /* Date+.swift */,
				701954282BCA309300CD2ED3 /* Theme+.swift */,
				7041EA6F2BB2AACB00286AE3 /* EnvironmentValues+.swift */,
				70C22FCB2BAEE24C002754C7 /* Image+.swift */,
				70C22FD02BAF2C35002754C7 /* RoundedRectangle+.swift */,
				70C22FEC2BAFDFE9002754C7 /* TabView+.swift */,
				70C22FC52BAECD10002754C7 /* VIew+.swift */,
				7045BF442BB314E700CE61D1 /* Bundle+.swift */,
				70CE4D382BB9718900E1DEE2 /* FileManager+.swift */,
				703845822BB6674600E3128B /* Locale+.swift */,
				701954592BCB9A1400CD2ED3 /* RandomAccessCollection+.swift */,
				70CE60C52BAD61F600A2D0B0 /* UserDefaults+.swift */,
				70896C622BB727AB006FEF6A /* ModelContext+.swift */,
			);
			path = Extensions;
			sourceTree = "<group>";
		};
		70CE60C92BAD7A4700A2D0B0 /* Features */ = {
			isa = PBXGroup;
			children = (
				70E907622D646D94006D8FDA /* AcknowledgmentView.swift */,
				70E201792BAE825100CFE1D7 /* Chat */,
				70CE4D2D2BB94C4300E1DEE2 /* KnowledgeBase */,
				7078AB302BB510A1004B3819 /* Model */,
				70CE60CA2BAD7A4F00A2D0B0 /* Settings */,
			);
			path = Features;
			sourceTree = "<group>";
		};
		70CE60CA2BAD7A4F00A2D0B0 /* Settings */ = {
			isa = PBXGroup;
			children = (
				70CE60C22BAD616600A2D0B0 /* GeneralView.swift */,
				70CE60BD2BAD60AE00A2D0B0 /* SettingsView.swift */,
			);
			path = Settings;
			sourceTree = "<group>";
		};
		70E201792BAE825100CFE1D7 /* Chat */ = {
			isa = PBXGroup;
			children = (
				70FDA01F2F20B67700F9DBD8 /* ThoughtView.swift */,
				7001D9AF2EC10DEB00047F6B /* ChatInputView.swift */,
				70E2017A2BAE825A00CFE1D7 /* ChatView.swift */,
				70097F7E2D6C04BB00DDDEDF /* MessageView.swift */,
				7067E8232BCD1AE600FF2797 /* ImageView.swift */,
				70097F7C2D6B58E100DDDEDF /* WelcomeView.swift */,
			);
			path = Chat;
			sourceTree = "<group>";
		};
		70FDA0252F20D31F00F9DBD8 /* Utils */ = {
			isa = PBXGroup;
			children = (
				706D82652F1EB26500029818 /* SpeechManager.swift */,
				701954222BC8244E00CD2ED3 /* CollectionManager.swift */,
				701954242BC8286E00CD2ED3 /* FixedLengthTextSplitter.swift */,
				70CE4D282BB83BF500E1DEE2 /* Pasteboard.swift */,
				70C534102E7535A8006E6731 /* SemanticTextSplitter.swift */,
				700C70292E52FE820008EF5B /* TagStreamParser.swift */,
				704510272E825E2F00C0EEED /* TextSplitter.swift */,
				70B13D032BBB1F3300A42F3C /* XMLFileParser.swift */,
			);
			path = Utils;
			sourceTree = "<group>";
		};
		70FDA0262F20D32900F9DBD8 /* Models */ = {
			isa = PBXGroup;
			children = (
				70FDA0272F20D33500F9DBD8 /* Plain */,
				708C5EDF2F0B86F900127118 /* Persistence */,
			);
			path = Models;
			sourceTree = "<group>";
		};
		70FDA0272F20D33500F9DBD8 /* Plain */ = {
			isa = PBXGroup;
			children = (
				70873F5E2F2562B800C07EB3 /* Value.swift */,
				701954262BC8D9ED00CD2ED3 /* AgentPrompt.swift */,
				70097F822D6DA73C00DDDEDF /* AppError.swift */,
				7019542E2BCAA04A00CD2ED3 /* ErrorWrapper.swift */,
				70097F882D6EB0DA00DDDEDF /* GlobalStore.swift */,
				70097F862D6EB0B100DDDEDF /* ServerStatus.swift */,
				706D82632F1E1ED400029818 /* Tab.swift */,
				70FDA0212F20C1B000F9DBD8 /* Tool.swift */,
				70FDA0232F20C21000F9DBD8 /* ToolCall.swift */,
				704F0F8C2F14BA150023990E /* ToolDefinition.swift */,
				70097F8A2D6EB11800DDDEDF /* UserSettings.swift */,
			);
			path = Plain;
			sourceTree = "<group>";
		};
		70FE03A02F13FD820061CCEB /* Actor */ = {
			isa = PBXGroup;
			children = (
				70FE03A12F13FDD90061CCEB /* ChatModelActor.swift */,
				70271B3B2BC046F300E21A6E /* KnowledgaBaseModelActor.swift */,
			);
			path = Actor;
			sourceTree = "<group>";
		};
/* End PBXGroup section */

/* Begin PBXNativeTarget section */
		70CE60632BAD2D4500A2D0B0 /* ModelCraft */ = {
			isa = PBXNativeTarget;
			buildConfigurationList = 70CE608B2BAD2D4700A2D0B0 /* Build configuration list for PBXNativeTarget "ModelCraft" */;
			buildPhases = (
				70CE60602BAD2D4500A2D0B0 /* Sources */,
				70CE60612BAD2D4500A2D0B0 /* Frameworks */,
				70CE60622BAD2D4500A2D0B0 /* Resources */,
				70271B392BC0454600E21A6E /* Copy Files */,
				701954442BCB943A00CD2ED3 /* Embed XPC Services */,
			);
			buildRules = (
			);
			dependencies = (
			);
			name = ModelCraft;
			packageProductDependencies = (
				70E201712BADE31700CFE1D7 /* Alamofire */,
				70E2017F2BAEB86A00CFE1D7 /* MarkdownUI */,
				70C22FC12BAEC581002754C7 /* Splash */,
				70C22FDE2BAFD463002754C7 /* Kingfisher */,
				70A574A72BB0716A008E3750 /* OrderedCollections */,
				70A574AC2BB0894A008E3750 /* ActivityIndicatorView */,
				703422102BB6A38C00332E04 /* OllamaKit */,
				70B13D012BBAF27700A42F3C /* SVDB */,
				7027C41E2D63396B00D37D14 /* WhisperKit */,
				7027C4202D63396B00D37D14 /* whisperkit-cli */,
				70097F912D6EE16300DDDEDF /* OllamaKit */,
			);
			productName = ModelCraft;
			productReference = 70CE60642BAD2D4500A2D0B0 /* ModelCraft.app */;
			productType = "com.apple.product-type.application";
		};
		70CE60762BAD2D4700A2D0B0 /* ModelCraftTests */ = {
			isa = PBXNativeTarget;
			buildConfigurationList = 70CE608E2BAD2D4700A2D0B0 /* Build configuration list for PBXNativeTarget "ModelCraftTests" */;
			buildPhases = (
				70CE60732BAD2D4700A2D0B0 /* Sources */,
				70CE60742BAD2D4700A2D0B0 /* Frameworks */,
				70CE60752BAD2D4700A2D0B0 /* Resources */,
			);
			buildRules = (
			);
			dependencies = (
				70CE60792BAD2D4700A2D0B0 /* PBXTargetDependency */,
			);
			name = ModelCraftTests;
			productName = ModelCraftTests;
			productReference = 70CE60772BAD2D4700A2D0B0 /* ModelCraftTests.xctest */;
			productType = "com.apple.product-type.bundle.unit-test";
		};
		70CE60802BAD2D4700A2D0B0 /* ModelCraftUITests */ = {
			isa = PBXNativeTarget;
			buildConfigurationList = 70CE60912BAD2D4700A2D0B0 /* Build configuration list for PBXNativeTarget "ModelCraftUITests" */;
			buildPhases = (
				70CE607D2BAD2D4700A2D0B0 /* Sources */,
				70CE607E2BAD2D4700A2D0B0 /* Frameworks */,
				70CE607F2BAD2D4700A2D0B0 /* Resources */,
			);
			buildRules = (
			);
			dependencies = (
				70CE60832BAD2D4700A2D0B0 /* PBXTargetDependency */,
			);
			name = ModelCraftUITests;
			productName = ModelCraftUITests;
			productReference = 70CE60812BAD2D4700A2D0B0 /* ModelCraftUITests.xctest */;
			productType = "com.apple.product-type.bundle.ui-testing";
		};
/* End PBXNativeTarget section */

/* Begin PBXProject section */
		70CE605C2BAD2D4500A2D0B0 /* Project object */ = {
			isa = PBXProject;
			attributes = {
				BuildIndependentTargetsInParallel = 1;
				LastSwiftUpdateCheck = 1530;
				LastUpgradeCheck = 2600;
				TargetAttributes = {
					70CE60632BAD2D4500A2D0B0 = {
						CreatedOnToolsVersion = 15.3;
					};
					70CE60762BAD2D4700A2D0B0 = {
						CreatedOnToolsVersion = 15.3;
						TestTargetID = 70CE60632BAD2D4500A2D0B0;
					};
					70CE60802BAD2D4700A2D0B0 = {
						CreatedOnToolsVersion = 15.3;
						TestTargetID = 70CE60632BAD2D4500A2D0B0;
					};
				};
			};
			buildConfigurationList = 70CE605F2BAD2D4500A2D0B0 /* Build configuration list for PBXProject "ModelCraft" */;
			compatibilityVersion = "Xcode 14.0";
			developmentRegion = en;
			hasScannedForEncodings = 0;
			knownRegions = (
				en,
				Base,
				"zh-Hans",
			);
			mainGroup = 70CE605B2BAD2D4500A2D0B0;
			packageReferences = (
				70E201702BADE31700CFE1D7 /* XCRemoteSwiftPackageReference "Alamofire" */,
				70E2017E2BAEB86A00CFE1D7 /* XCRemoteSwiftPackageReference "swift-markdown-ui" */,
				70C22FC02BAEC581002754C7 /* XCRemoteSwiftPackageReference "Splash" */,
				70C22FDD2BAFD463002754C7 /* XCRemoteSwiftPackageReference "Kingfisher" */,
				70A574A62BB0716A008E3750 /* XCRemoteSwiftPackageReference "swift-collections" */,
				70A574AB2BB0894A008E3750 /* XCRemoteSwiftPackageReference "ActivityIndicatorView" */,
				70B13D002BBAF27700A42F3C /* XCRemoteSwiftPackageReference "SVDB" */,
				7027C41D2D63396B00D37D14 /* XCRemoteSwiftPackageReference "WhisperKit" */,
				70097F902D6EE16300DDDEDF /* XCRemoteSwiftPackageReference "OllamaKit" */,
			);
			productRefGroup = 70CE60652BAD2D4500A2D0B0 /* Products */;
			projectDirPath = "";
			projectRoot = "";
			targets = (
				70CE60632BAD2D4500A2D0B0 /* ModelCraft */,
				70CE60762BAD2D4700A2D0B0 /* ModelCraftTests */,
				70CE60802BAD2D4700A2D0B0 /* ModelCraftUITests */,
			);
		};
/* End PBXProject section */

/* Begin PBXResourcesBuildPhase section */
		70CE60622BAD2D4500A2D0B0 /* Resources */ = {
			isa = PBXResourcesBuildPhase;
			buildActionMask = 2147483647;
			files = (
				70CE60722BAD2D4600A2D0B0 /* Preview Assets.xcassets in Resources */,
				70CE606E2BAD2D4600A2D0B0 /* Assets.xcassets in Resources */,
				70A574AA2BB07264008E3750 /* Localizable.xcstrings in Resources */,
			);
			runOnlyForDeploymentPostprocessing = 0;
		};
		70CE60752BAD2D4700A2D0B0 /* Resources */ = {
			isa = PBXResourcesBuildPhase;
			buildActionMask = 2147483647;
			files = (
				7027C41A2D63385F00D37D14 /* jfk.wav in Resources */,
				7027C41B2D63385F00D37D14 /* jfk.mp3 in Resources */,
			);
			runOnlyForDeploymentPostprocessing = 0;
		};
		70CE607F2BAD2D4700A2D0B0 /* Resources */ = {
			isa = PBXResourcesBuildPhase;
			buildActionMask = 2147483647;
			files = (
			);
			runOnlyForDeploymentPostprocessing = 0;
		};
/* End PBXResourcesBuildPhase section */

/* Begin PBXSourcesBuildPhase section */
		70CE60602BAD2D4500A2D0B0 /* Sources */ = {
			isa = PBXSourcesBuildPhase;
			buildActionMask = 2147483647;
			files = (
				7078AB342BB514A9004B3819 /* ModelTaskStatus.swift in Sources */,
				70E907632D646D94006D8FDA /* AcknowledgmentView.swift in Sources */,
				70B13D062BBBDC2100A42F3C /* FileThumbnail.swift in Sources */,
				7001D9B02EC10DEB00047F6B /* ChatInputView.swift in Sources */,
				7008FD8F2E80414200D62EF6 /* NLEmbedding+.swift in Sources */,
				70CE60C82BAD705E00A2D0B0 /* Chat.swift in Sources */,
				701954252BC8286E00CD2ED3 /* FixedLengthTextSplitter.swift in Sources */,
				70FE039F2F13EFA20061CCEB /* ChatService.swift in Sources */,
				70097F7F2D6C04BB00DDDEDF /* MessageView.swift in Sources */,
				70097F832D6DA73C00DDDEDF /* AppError.swift in Sources */,
				70CE609C2BAD302000A2D0B0 /* LocalFileURL.swift in Sources */,
				70097F872D6EB0B500DDDEDF /* ServerStatus.swift in Sources */,
				70CE606A2BAD2D4500A2D0B0 /* ContentView.swift in Sources */,
				70CE4D332BB9522F00E1DEE2 /* KnowledgeBaseEdition.swift in Sources */,
				7041EA722BB2AC8D00286AE3 /* ServerStatusView.swift in Sources */,
				70873F5F2F2562BB00C07EB3 /* Value.swift in Sources */,
				70271B3C2BC046F300E21A6E /* KnowledgaBaseModelActor.swift in Sources */,
				70C22FE72BAFD5C2002754C7 /* DefaultImageView.swift in Sources */,
				701954292BCA309300CD2ED3 /* Theme+.swift in Sources */,
				70B13D042BBB1F3300A42F3C /* XMLFileParser.swift in Sources */,
				708C5EE72F0B9D6100127118 /* AgentExecutor.swift in Sources */,
				70FDA0242F20C21300F9DBD8 /* ToolCall.swift in Sources */,
				70CE4D292BB83BF500E1DEE2 /* Pasteboard.swift in Sources */,
				70E2017D2BAEA9DE00CFE1D7 /* OllamaService.swift in Sources */,
				70E201872BAEC0C700CFE1D7 /* TextOutputFormat.swift in Sources */,
				7019542B2BCA3CE900CD2ED3 /* CopyButton.swift in Sources */,
				70097F7D2D6B58E100DDDEDF /* WelcomeView.swift in Sources */,
				705483F62BBE96AF00256094 /* DownloadedModelsView.swift in Sources */,
				70271B5E2BC1A97900E21A6E /* ModelStore.swift in Sources */,
				708C5EE42F0B8F6000127118 /* CommandExecutor.swift in Sources */,
				70C22FC62BAECD10002754C7 /* VIew+.swift in Sources */,
				70FDA0202F20B67C00F9DBD8 /* ThoughtView.swift in Sources */,
				70CE4D392BB9718900E1DEE2 /* FileManager+.swift in Sources */,
				70CE60C62BAD61F600A2D0B0 /* UserDefaults+.swift in Sources */,
				704F0F8D2F14BA1C0023990E /* ToolDefinition.swift in Sources */,
				70C22FD72BAFD1B6002754C7 /* PlatformImage.swift in Sources */,
				70C22FCC2BAEE24C002754C7 /* Image+.swift in Sources */,
				701954232BC8244E00CD2ED3 /* CollectionManager.swift in Sources */,
				705483F82BBE992800256094 /* DeleteButton.swift in Sources */,
				70E2017B2BAE825A00CFE1D7 /* ChatView.swift in Sources */,
				70CE60BE2BAD60AE00A2D0B0 /* SettingsView.swift in Sources */,
				70C22FD12BAF2C35002754C7 /* RoundedRectangle+.swift in Sources */,
				700C702A2E52FE830008EF5B /* TagStreamParser.swift in Sources */,
				7097F96B2BB02DD2001A91E3 /* ModelTask.swift in Sources */,
				7067E8242BCD1AE600FF2797 /* ImageView.swift in Sources */,
				708C5EE22F0B8B6100127118 /* ToolExecutor.swift in Sources */,
				70C22FC82BAECD55002754C7 /* Layout.swift in Sources */,
				70896C632BB727AB006FEF6A /* ModelContext+.swift in Sources */,
				70C534112E7535A8006E6731 /* SemanticTextSplitter.swift in Sources */,
				70CE4D2F2BB94C7800E1DEE2 /* KnowledgeBase.swift in Sources */,
				7041EA702BB2AACB00286AE3 /* EnvironmentValues+.swift in Sources */,
				7019545A2BCB9A1400CD2ED3 /* RandomAccessCollection+.swift in Sources */,
				70CE60A22BAD386E00A2D0B0 /* Message.swift in Sources */,
				70FDA0222F20C1B100F9DBD8 /* Tool.swift in Sources */,
				706D82642F1E1ED600029818 /* Tab.swift in Sources */,
				701954272BC8D9ED00CD2ED3 /* AgentPrompt.swift in Sources */,
				70B13D192BBD58DD00A42F3C /* ModelDetailView.swift in Sources */,
				70B13D132BBC66FC00A42F3C /* KnowledgeBaseDetailListView.swift in Sources */,
				70E201852BAEC08900CFE1D7 /* SplashCodeSyntaxHighlighter.swift in Sources */,
				70CE60C32BAD616600A2D0B0 /* GeneralView.swift in Sources */,
				703845832BB6674600E3128B /* Locale+.swift in Sources */,
				70C22FED2BAFDFE9002754C7 /* TabView+.swift in Sources */,
				7019542F2BCAA04A00CD2ED3 /* ErrorWrapper.swift in Sources */,
				70C22FE52BAFD53E002754C7 /* ImageLoader.swift in Sources */,
				70097F8B2D6EB11800DDDEDF /* UserSettings.swift in Sources */,
				70955E8E2BB2E29B00015B79 /* Comparable+.swift in Sources */,
				70097F892D6EB0DC00DDDEDF /* GlobalStore.swift in Sources */,
				7045BF452BB314E700CE61D1 /* Bundle+.swift in Sources */,
				706D82662F1EB26600029818 /* SpeechManager.swift in Sources */,
				70FE03A22F13FDDE0061CCEB /* ChatModelActor.swift in Sources */,
				704510282E825E3300C0EEED /* TextSplitter.swift in Sources */,
				70097F8D2D6EB2C400DDDEDF /* Date+.swift in Sources */,
				70B13D152BBC678400A42F3C /* KnowledgeBaseDetailGridView.swift in Sources */,
				70C22FE92BAFD5CA002754C7 /* ImageButton.swift in Sources */,
				70CE4D312BB9500000E1DEE2 /* KnowledgeBaseDetailView.swift in Sources */,
				70CE60682BAD2D4500A2D0B0 /* ModelCraftApp.swift in Sources */,
			);
			runOnlyForDeploymentPostprocessing = 0;
		};
		70CE60732BAD2D4700A2D0B0 /* Sources */ = {
			isa = PBXSourcesBuildPhase;
			buildActionMask = 2147483647;
			files = (
				700C702C2E52FF730008EF5B /* TagStreamParserTests.swift in Sources */,
				70CE607C2BAD2D4700A2D0B0 /* ModelCraftTests.swift in Sources */,
			);
			runOnlyForDeploymentPostprocessing = 0;
		};
		70CE607D2BAD2D4700A2D0B0 /* Sources */ = {
			isa = PBXSourcesBuildPhase;
			buildActionMask = 2147483647;
			files = (
				70CE60862BAD2D4700A2D0B0 /* ModelCraftUITests.swift in Sources */,
				70CE60882BAD2D4700A2D0B0 /* ModelCraftUITestsLaunchTests.swift in Sources */,
			);
			runOnlyForDeploymentPostprocessing = 0;
		};
/* End PBXSourcesBuildPhase section */

/* Begin PBXTargetDependency section */
		70CE60792BAD2D4700A2D0B0 /* PBXTargetDependency */ = {
			isa = PBXTargetDependency;
			target = 70CE60632BAD2D4500A2D0B0 /* ModelCraft */;
			targetProxy = 70CE60782BAD2D4700A2D0B0 /* PBXContainerItemProxy */;
		};
		70CE60832BAD2D4700A2D0B0 /* PBXTargetDependency */ = {
			isa = PBXTargetDependency;
			target = 70CE60632BAD2D4500A2D0B0 /* ModelCraft */;
			targetProxy = 70CE60822BAD2D4700A2D0B0 /* PBXContainerItemProxy */;
		};
/* End PBXTargetDependency section */

/* Begin XCBuildConfiguration section */
		70CE60892BAD2D4700A2D0B0 /* Debug */ = {
			isa = XCBuildConfiguration;
			buildSettings = {
				ALWAYS_SEARCH_USER_PATHS = NO;
				ASSETCATALOG_COMPILER_GENERATE_SWIFT_ASSET_SYMBOL_EXTENSIONS = YES;
				CLANG_ANALYZER_LOCALIZABILITY_NONLOCALIZED = YES;
				CLANG_ANALYZER_NONNULL = YES;
				CLANG_ANALYZER_NUMBER_OBJECT_CONVERSION = YES_AGGRESSIVE;
				CLANG_CXX_LANGUAGE_STANDARD = "gnu++20";
				CLANG_ENABLE_MODULES = YES;
				CLANG_ENABLE_OBJC_ARC = YES;
				CLANG_ENABLE_OBJC_WEAK = YES;
				CLANG_WARN_BLOCK_CAPTURE_AUTORELEASING = YES;
				CLANG_WARN_BOOL_CONVERSION = YES;
				CLANG_WARN_COMMA = YES;
				CLANG_WARN_CONSTANT_CONVERSION = YES;
				CLANG_WARN_DEPRECATED_OBJC_IMPLEMENTATIONS = YES;
				CLANG_WARN_DIRECT_OBJC_ISA_USAGE = YES_ERROR;
				CLANG_WARN_DOCUMENTATION_COMMENTS = YES;
				CLANG_WARN_EMPTY_BODY = YES;
				CLANG_WARN_ENUM_CONVERSION = YES;
				CLANG_WARN_INFINITE_RECURSION = YES;
				CLANG_WARN_INT_CONVERSION = YES;
				CLANG_WARN_NON_LITERAL_NULL_CONVERSION = YES;
				CLANG_WARN_OBJC_IMPLICIT_RETAIN_SELF = YES;
				CLANG_WARN_OBJC_LITERAL_CONVERSION = YES;
				CLANG_WARN_OBJC_ROOT_CLASS = YES_ERROR;
				CLANG_WARN_QUOTED_INCLUDE_IN_FRAMEWORK_HEADER = YES;
				CLANG_WARN_RANGE_LOOP_ANALYSIS = YES;
				CLANG_WARN_STRICT_PROTOTYPES = YES;
				CLANG_WARN_SUSPICIOUS_MOVE = YES;
				CLANG_WARN_UNGUARDED_AVAILABILITY = YES_AGGRESSIVE;
				CLANG_WARN_UNREACHABLE_CODE = YES;
				CLANG_WARN__DUPLICATE_METHOD_MATCH = YES;
				COPY_PHASE_STRIP = NO;
				DEAD_CODE_STRIPPING = YES;
				DEBUG_INFORMATION_FORMAT = dwarf;
				DEVELOPMENT_TEAM = DTZV6LDYD5;
				ENABLE_STRICT_OBJC_MSGSEND = YES;
				ENABLE_TESTABILITY = YES;
				ENABLE_USER_SCRIPT_SANDBOXING = YES;
				GCC_C_LANGUAGE_STANDARD = gnu17;
				GCC_DYNAMIC_NO_PIC = NO;
				GCC_NO_COMMON_BLOCKS = YES;
				GCC_OPTIMIZATION_LEVEL = 0;
				GCC_PREPROCESSOR_DEFINITIONS = (
					"DEBUG=1",
					"$(inherited)",
				);
				GCC_WARN_64_TO_32_BIT_CONVERSION = YES;
				GCC_WARN_ABOUT_RETURN_TYPE = YES_ERROR;
				GCC_WARN_UNDECLARED_SELECTOR = YES;
				GCC_WARN_UNINITIALIZED_AUTOS = YES_AGGRESSIVE;
				GCC_WARN_UNUSED_FUNCTION = YES;
				GCC_WARN_UNUSED_VARIABLE = YES;
				IPHONEOS_DEPLOYMENT_TARGET = 17.0;
				LOCALIZATION_PREFERS_STRING_CATALOGS = YES;
				MACOSX_DEPLOYMENT_TARGET = 14.0;
				MTL_ENABLE_DEBUG_INFO = INCLUDE_SOURCE;
				MTL_FAST_MATH = YES;
				ONLY_ACTIVE_ARCH = YES;
				STRING_CATALOG_GENERATE_SYMBOLS = YES;
				SWIFT_ACTIVE_COMPILATION_CONDITIONS = "DEBUG $(inherited)";
				SWIFT_OPTIMIZATION_LEVEL = "-Onone";
			};
			name = Debug;
		};
		70CE608A2BAD2D4700A2D0B0 /* Release */ = {
			isa = XCBuildConfiguration;
			buildSettings = {
				ALWAYS_SEARCH_USER_PATHS = NO;
				ASSETCATALOG_COMPILER_GENERATE_SWIFT_ASSET_SYMBOL_EXTENSIONS = YES;
				CLANG_ANALYZER_LOCALIZABILITY_NONLOCALIZED = YES;
				CLANG_ANALYZER_NONNULL = YES;
				CLANG_ANALYZER_NUMBER_OBJECT_CONVERSION = YES_AGGRESSIVE;
				CLANG_CXX_LANGUAGE_STANDARD = "gnu++20";
				CLANG_ENABLE_MODULES = YES;
				CLANG_ENABLE_OBJC_ARC = YES;
				CLANG_ENABLE_OBJC_WEAK = YES;
				CLANG_WARN_BLOCK_CAPTURE_AUTORELEASING = YES;
				CLANG_WARN_BOOL_CONVERSION = YES;
				CLANG_WARN_COMMA = YES;
				CLANG_WARN_CONSTANT_CONVERSION = YES;
				CLANG_WARN_DEPRECATED_OBJC_IMPLEMENTATIONS = YES;
				CLANG_WARN_DIRECT_OBJC_ISA_USAGE = YES_ERROR;
				CLANG_WARN_DOCUMENTATION_COMMENTS = YES;
				CLANG_WARN_EMPTY_BODY = YES;
				CLANG_WARN_ENUM_CONVERSION = YES;
				CLANG_WARN_INFINITE_RECURSION = YES;
				CLANG_WARN_INT_CONVERSION = YES;
				CLANG_WARN_NON_LITERAL_NULL_CONVERSION = YES;
				CLANG_WARN_OBJC_IMPLICIT_RETAIN_SELF = YES;
				CLANG_WARN_OBJC_LITERAL_CONVERSION = YES;
				CLANG_WARN_OBJC_ROOT_CLASS = YES_ERROR;
				CLANG_WARN_QUOTED_INCLUDE_IN_FRAMEWORK_HEADER = YES;
				CLANG_WARN_RANGE_LOOP_ANALYSIS = YES;
				CLANG_WARN_STRICT_PROTOTYPES = YES;
				CLANG_WARN_SUSPICIOUS_MOVE = YES;
				CLANG_WARN_UNGUARDED_AVAILABILITY = YES_AGGRESSIVE;
				CLANG_WARN_UNREACHABLE_CODE = YES;
				CLANG_WARN__DUPLICATE_METHOD_MATCH = YES;
				COPY_PHASE_STRIP = NO;
				DEAD_CODE_STRIPPING = YES;
				DEBUG_INFORMATION_FORMAT = "dwarf-with-dsym";
				DEVELOPMENT_TEAM = DTZV6LDYD5;
				ENABLE_NS_ASSERTIONS = NO;
				ENABLE_STRICT_OBJC_MSGSEND = YES;
				ENABLE_USER_SCRIPT_SANDBOXING = YES;
				GCC_C_LANGUAGE_STANDARD = gnu17;
				GCC_NO_COMMON_BLOCKS = YES;
				GCC_WARN_64_TO_32_BIT_CONVERSION = YES;
				GCC_WARN_ABOUT_RETURN_TYPE = YES_ERROR;
				GCC_WARN_UNDECLARED_SELECTOR = YES;
				GCC_WARN_UNINITIALIZED_AUTOS = YES_AGGRESSIVE;
				GCC_WARN_UNUSED_FUNCTION = YES;
				GCC_WARN_UNUSED_VARIABLE = YES;
				IPHONEOS_DEPLOYMENT_TARGET = 17.0;
				LOCALIZATION_PREFERS_STRING_CATALOGS = YES;
				MACOSX_DEPLOYMENT_TARGET = 14.0;
				MTL_ENABLE_DEBUG_INFO = NO;
				MTL_FAST_MATH = YES;
				STRING_CATALOG_GENERATE_SYMBOLS = YES;
				SWIFT_COMPILATION_MODE = wholemodule;
			};
			name = Release;
		};
		70CE608C2BAD2D4700A2D0B0 /* Debug */ = {
			isa = XCBuildConfiguration;
			buildSettings = {
				ASSETCATALOG_COMPILER_APPICON_NAME = AppIcon;
				ASSETCATALOG_COMPILER_GLOBAL_ACCENT_COLOR_NAME = AccentColor;
				ASSETCATALOG_COMPILER_INCLUDE_ALL_APPICON_ASSETS = NO;
				CODE_SIGN_ENTITLEMENTS = ModelCraft/ModelCraft.entitlements;
				"CODE_SIGN_IDENTITY[sdk=macosx*]" = "Apple Development";
				CODE_SIGN_STYLE = Automatic;
				CURRENT_PROJECT_VERSION = 1;
				DEAD_CODE_STRIPPING = YES;
				DEVELOPMENT_ASSET_PATHS = "\"ModelCraft/Preview Content\"";
				ENABLE_APP_SANDBOX = YES;
				ENABLE_FILE_ACCESS_DOWNLOADS_FOLDER = readonly;
				ENABLE_FILE_ACCESS_MOVIES_FOLDER = readonly;
				ENABLE_FILE_ACCESS_MUSIC_FOLDER = readonly;
				ENABLE_FILE_ACCESS_PICTURE_FOLDER = readonly;
				ENABLE_HARDENED_RUNTIME = YES;
				ENABLE_INCOMING_NETWORK_CONNECTIONS = YES;
				ENABLE_OUTGOING_NETWORK_CONNECTIONS = YES;
				ENABLE_PREVIEWS = YES;
				ENABLE_USER_SELECTED_FILES = readonly;
				GENERATE_INFOPLIST_FILE = YES;
				INFOPLIST_FILE = ModelCraft/Info.plist;
				INFOPLIST_KEY_LSApplicationCategoryType = "public.app-category.productivity";
				INFOPLIST_KEY_NSMicrophoneUsageDescription = "The app wants to access your microphone.";
				INFOPLIST_KEY_NSSpeechRecognitionUsageDescription = "You can chat with models in the app.";
				"INFOPLIST_KEY_UIApplicationSceneManifest_Generation[sdk=iphoneos*]" = YES;
				"INFOPLIST_KEY_UIApplicationSceneManifest_Generation[sdk=iphonesimulator*]" = YES;
				"INFOPLIST_KEY_UIApplicationSupportsIndirectInputEvents[sdk=iphoneos*]" = YES;
				"INFOPLIST_KEY_UIApplicationSupportsIndirectInputEvents[sdk=iphonesimulator*]" = YES;
				"INFOPLIST_KEY_UILaunchScreen_Generation[sdk=iphoneos*]" = YES;
				"INFOPLIST_KEY_UILaunchScreen_Generation[sdk=iphonesimulator*]" = YES;
				INFOPLIST_KEY_UILaunchStoryboardName = "";
				"INFOPLIST_KEY_UIStatusBarStyle[sdk=iphoneos*]" = UIStatusBarStyleDefault;
				"INFOPLIST_KEY_UIStatusBarStyle[sdk=iphonesimulator*]" = UIStatusBarStyleDefault;
				INFOPLIST_KEY_UISupportedInterfaceOrientations_iPad = "UIInterfaceOrientationLandscapeLeft UIInterfaceOrientationLandscapeRight UIInterfaceOrientationPortrait UIInterfaceOrientationPortraitUpsideDown";
				IPHONEOS_DEPLOYMENT_TARGET = 17.0;
				LD_RUNPATH_SEARCH_PATHS = "@executable_path/Frameworks";
				"LD_RUNPATH_SEARCH_PATHS[sdk=macosx*]" = "@executable_path/../Frameworks";
				MACOSX_DEPLOYMENT_TARGET = 14.0;
				MARKETING_VERSION = 0.5.1;
				PRODUCT_BUNDLE_IDENTIFIER = com.zhanghongshen.ModelCraft;
				PRODUCT_NAME = "$(TARGET_NAME)";
				SDKROOT = auto;
				SUPPORTED_PLATFORMS = "iphoneos iphonesimulator macosx";
				SUPPORTS_MACCATALYST = NO;
				SWIFT_EMIT_LOC_STRINGS = YES;
				SWIFT_VERSION = 5.0;
				TARGETED_DEVICE_FAMILY = 2;
			};
			name = Debug;
		};
		70CE608D2BAD2D4700A2D0B0 /* Release */ = {
			isa = XCBuildConfiguration;
			buildSettings = {
				ASSETCATALOG_COMPILER_APPICON_NAME = AppIcon;
				ASSETCATALOG_COMPILER_GLOBAL_ACCENT_COLOR_NAME = AccentColor;
				ASSETCATALOG_COMPILER_INCLUDE_ALL_APPICON_ASSETS = NO;
				CODE_SIGN_ENTITLEMENTS = ModelCraft/ModelCraft.entitlements;
				"CODE_SIGN_IDENTITY[sdk=macosx*]" = "Apple Development";
				CODE_SIGN_STYLE = Automatic;
				CURRENT_PROJECT_VERSION = 1;
				DEAD_CODE_STRIPPING = YES;
				DEVELOPMENT_ASSET_PATHS = "\"ModelCraft/Preview Content\"";
				ENABLE_APP_SANDBOX = YES;
				ENABLE_FILE_ACCESS_DOWNLOADS_FOLDER = readonly;
				ENABLE_FILE_ACCESS_MOVIES_FOLDER = readonly;
				ENABLE_FILE_ACCESS_MUSIC_FOLDER = readonly;
				ENABLE_FILE_ACCESS_PICTURE_FOLDER = readonly;
				ENABLE_HARDENED_RUNTIME = YES;
				ENABLE_INCOMING_NETWORK_CONNECTIONS = YES;
				ENABLE_OUTGOING_NETWORK_CONNECTIONS = YES;
				ENABLE_PREVIEWS = YES;
				ENABLE_USER_SELECTED_FILES = readonly;
				GENERATE_INFOPLIST_FILE = YES;
				INFOPLIST_FILE = ModelCraft/Info.plist;
				INFOPLIST_KEY_LSApplicationCategoryType = "public.app-category.productivity";
				INFOPLIST_KEY_NSMicrophoneUsageDescription = "The app wants to access your microphone.";
				INFOPLIST_KEY_NSSpeechRecognitionUsageDescription = "You can chat with models in the app.";
				"INFOPLIST_KEY_UIApplicationSceneManifest_Generation[sdk=iphoneos*]" = YES;
				"INFOPLIST_KEY_UIApplicationSceneManifest_Generation[sdk=iphonesimulator*]" = YES;
				"INFOPLIST_KEY_UIApplicationSupportsIndirectInputEvents[sdk=iphoneos*]" = YES;
				"INFOPLIST_KEY_UIApplicationSupportsIndirectInputEvents[sdk=iphonesimulator*]" = YES;
				"INFOPLIST_KEY_UILaunchScreen_Generation[sdk=iphoneos*]" = YES;
				"INFOPLIST_KEY_UILaunchScreen_Generation[sdk=iphonesimulator*]" = YES;
				INFOPLIST_KEY_UILaunchStoryboardName = "";
				"INFOPLIST_KEY_UIStatusBarStyle[sdk=iphoneos*]" = UIStatusBarStyleDefault;
				"INFOPLIST_KEY_UIStatusBarStyle[sdk=iphonesimulator*]" = UIStatusBarStyleDefault;
				INFOPLIST_KEY_UISupportedInterfaceOrientations_iPad = "UIInterfaceOrientationLandscapeLeft UIInterfaceOrientationLandscapeRight UIInterfaceOrientationPortrait UIInterfaceOrientationPortraitUpsideDown";
				IPHONEOS_DEPLOYMENT_TARGET = 17.0;
				LD_RUNPATH_SEARCH_PATHS = "@executable_path/Frameworks";
				"LD_RUNPATH_SEARCH_PATHS[sdk=macosx*]" = "@executable_path/../Frameworks";
				MACOSX_DEPLOYMENT_TARGET = 14.0;
				MARKETING_VERSION = 0.5.1;
				PRODUCT_BUNDLE_IDENTIFIER = com.zhanghongshen.ModelCraft;
				PRODUCT_NAME = "$(TARGET_NAME)";
				SDKROOT = auto;
				SUPPORTED_PLATFORMS = "iphoneos iphonesimulator macosx";
				SUPPORTS_MACCATALYST = NO;
				SWIFT_EMIT_LOC_STRINGS = YES;
				SWIFT_VERSION = 5.0;
				TARGETED_DEVICE_FAMILY = 2;
			};
			name = Release;
		};
		70CE608F2BAD2D4700A2D0B0 /* Debug */ = {
			isa = XCBuildConfiguration;
			buildSettings = {
				BUNDLE_LOADER = "$(TEST_HOST)";
				CODE_SIGN_STYLE = Automatic;
				CURRENT_PROJECT_VERSION = 1;
				DEAD_CODE_STRIPPING = YES;
				GENERATE_INFOPLIST_FILE = YES;
				IPHONEOS_DEPLOYMENT_TARGET = 17.0;
				MACOSX_DEPLOYMENT_TARGET = 14.0;
				MARKETING_VERSION = 1.0;
				PRODUCT_BUNDLE_IDENTIFIER = com.zhanghongshen.ModelCraftTests;
				PRODUCT_NAME = "$(TARGET_NAME)";
				SDKROOT = auto;
				SUPPORTED_PLATFORMS = "iphoneos iphonesimulator macosx";
				SWIFT_EMIT_LOC_STRINGS = NO;
				SWIFT_VERSION = 5.0;
				TARGETED_DEVICE_FAMILY = "1,2";
				TEST_HOST = "$(BUILT_PRODUCTS_DIR)/ModelCraft.app/$(BUNDLE_EXECUTABLE_FOLDER_PATH)/ModelCraft";
			};
			name = Debug;
		};
		70CE60902BAD2D4700A2D0B0 /* Release */ = {
			isa = XCBuildConfiguration;
			buildSettings = {
				BUNDLE_LOADER = "$(TEST_HOST)";
				CODE_SIGN_STYLE = Automatic;
				CURRENT_PROJECT_VERSION = 1;
				DEAD_CODE_STRIPPING = YES;
				GENERATE_INFOPLIST_FILE = YES;
				IPHONEOS_DEPLOYMENT_TARGET = 17.0;
				MACOSX_DEPLOYMENT_TARGET = 14.0;
				MARKETING_VERSION = 1.0;
				PRODUCT_BUNDLE_IDENTIFIER = com.zhanghongshen.ModelCraftTests;
				PRODUCT_NAME = "$(TARGET_NAME)";
				SDKROOT = auto;
				SUPPORTED_PLATFORMS = "iphoneos iphonesimulator macosx";
				SWIFT_EMIT_LOC_STRINGS = NO;
				SWIFT_VERSION = 5.0;
				TARGETED_DEVICE_FAMILY = "1,2";
				TEST_HOST = "$(BUILT_PRODUCTS_DIR)/ModelCraft.app/$(BUNDLE_EXECUTABLE_FOLDER_PATH)/ModelCraft";
			};
			name = Release;
		};
		70CE60922BAD2D4700A2D0B0 /* Debug */ = {
			isa = XCBuildConfiguration;
			buildSettings = {
				CODE_SIGN_STYLE = Automatic;
				CURRENT_PROJECT_VERSION = 1;
				DEAD_CODE_STRIPPING = YES;
				GENERATE_INFOPLIST_FILE = YES;
				IPHONEOS_DEPLOYMENT_TARGET = 17.4;
				MACOSX_DEPLOYMENT_TARGET = 14.3;
				MARKETING_VERSION = 1.0;
				PRODUCT_BUNDLE_IDENTIFIER = com.zhanghongshen.ModelCraftUITests;
				PRODUCT_NAME = "$(TARGET_NAME)";
				SDKROOT = auto;
				SUPPORTED_PLATFORMS = "iphoneos iphonesimulator macosx";
				SWIFT_EMIT_LOC_STRINGS = NO;
				SWIFT_VERSION = 5.0;
				TARGETED_DEVICE_FAMILY = "1,2";
				TEST_TARGET_NAME = ModelCraft;
			};
			name = Debug;
		};
		70CE60932BAD2D4700A2D0B0 /* Release */ = {
			isa = XCBuildConfiguration;
			buildSettings = {
				CODE_SIGN_STYLE = Automatic;
				CURRENT_PROJECT_VERSION = 1;
				DEAD_CODE_STRIPPING = YES;
				GENERATE_INFOPLIST_FILE = YES;
				IPHONEOS_DEPLOYMENT_TARGET = 17.4;
				MACOSX_DEPLOYMENT_TARGET = 14.3;
				MARKETING_VERSION = 1.0;
				PRODUCT_BUNDLE_IDENTIFIER = com.zhanghongshen.ModelCraftUITests;
				PRODUCT_NAME = "$(TARGET_NAME)";
				SDKROOT = auto;
				SUPPORTED_PLATFORMS = "iphoneos iphonesimulator macosx";
				SWIFT_EMIT_LOC_STRINGS = NO;
				SWIFT_VERSION = 5.0;
				TARGETED_DEVICE_FAMILY = "1,2";
				TEST_TARGET_NAME = ModelCraft;
			};
			name = Release;
		};
/* End XCBuildConfiguration section */

/* Begin XCConfigurationList section */
		70CE605F2BAD2D4500A2D0B0 /* Build configuration list for PBXProject "ModelCraft" */ = {
			isa = XCConfigurationList;
			buildConfigurations = (
				70CE60892BAD2D4700A2D0B0 /* Debug */,
				70CE608A2BAD2D4700A2D0B0 /* Release */,
			);
			defaultConfigurationIsVisible = 0;
			defaultConfigurationName = Release;
		};
		70CE608B2BAD2D4700A2D0B0 /* Build configuration list for PBXNativeTarget "ModelCraft" */ = {
			isa = XCConfigurationList;
			buildConfigurations = (
				70CE608C2BAD2D4700A2D0B0 /* Debug */,
				70CE608D2BAD2D4700A2D0B0 /* Release */,
			);
			defaultConfigurationIsVisible = 0;
			defaultConfigurationName = Release;
		};
		70CE608E2BAD2D4700A2D0B0 /* Build configuration list for PBXNativeTarget "ModelCraftTests" */ = {
			isa = XCConfigurationList;
			buildConfigurations = (
				70CE608F2BAD2D4700A2D0B0 /* Debug */,
				70CE60902BAD2D4700A2D0B0 /* Release */,
			);
			defaultConfigurationIsVisible = 0;
			defaultConfigurationName = Release;
		};
		70CE60912BAD2D4700A2D0B0 /* Build configuration list for PBXNativeTarget "ModelCraftUITests" */ = {
			isa = XCConfigurationList;
			buildConfigurations = (
				70CE60922BAD2D4700A2D0B0 /* Debug */,
				70CE60932BAD2D4700A2D0B0 /* Release */,
			);
			defaultConfigurationIsVisible = 0;
			defaultConfigurationName = Release;
		};
/* End XCConfigurationList section */

/* Begin XCRemoteSwiftPackageReference section */
		70097F902D6EE16300DDDEDF /* XCRemoteSwiftPackageReference "OllamaKit" */ = {
			isa = XCRemoteSwiftPackageReference;
			repositoryURL = "https://github.com/zhang-hongshen/OllamaKit";
			requirement = {
				kind = upToNextMajorVersion;
				minimumVersion = 1.0.1;
			};
		};
		7027C41D2D63396B00D37D14 /* XCRemoteSwiftPackageReference "WhisperKit" */ = {
			isa = XCRemoteSwiftPackageReference;
			repositoryURL = "https://github.com/argmaxinc/WhisperKit";
			requirement = {
				kind = upToNextMajorVersion;
				minimumVersion = 0.9.0;
			};
		};
		70A574A62BB0716A008E3750 /* XCRemoteSwiftPackageReference "swift-collections" */ = {
			isa = XCRemoteSwiftPackageReference;
			repositoryURL = "https://github.com/apple/swift-collections.git";
			requirement = {
				kind = upToNextMajorVersion;
				minimumVersion = 1.1.0;
			};
		};
		70A574AB2BB0894A008E3750 /* XCRemoteSwiftPackageReference "ActivityIndicatorView" */ = {
			isa = XCRemoteSwiftPackageReference;
			repositoryURL = "https://github.com/exyte/ActivityIndicatorView";
			requirement = {
				kind = upToNextMajorVersion;
				minimumVersion = 1.1.1;
			};
		};
		70B13D002BBAF27700A42F3C /* XCRemoteSwiftPackageReference "SVDB" */ = {
			isa = XCRemoteSwiftPackageReference;
			repositoryURL = "https://github.com/Dripfarm/SVDB.git";
			requirement = {
				kind = upToNextMajorVersion;
				minimumVersion = 2.0.0;
			};
		};
		70C22FC02BAEC581002754C7 /* XCRemoteSwiftPackageReference "Splash" */ = {
			isa = XCRemoteSwiftPackageReference;
			repositoryURL = "https://github.com/JohnSundell/Splash";
			requirement = {
				kind = upToNextMajorVersion;
				minimumVersion = 0.16.0;
			};
		};
		70C22FDD2BAFD463002754C7 /* XCRemoteSwiftPackageReference "Kingfisher" */ = {
			isa = XCRemoteSwiftPackageReference;
			repositoryURL = "https://github.com/onevcat/Kingfisher";
			requirement = {
				kind = upToNextMajorVersion;
				minimumVersion = 7.11.0;
			};
		};
		70E201702BADE31700CFE1D7 /* XCRemoteSwiftPackageReference "Alamofire" */ = {
			isa = XCRemoteSwiftPackageReference;
			repositoryURL = "https://github.com/Alamofire/Alamofire";
			requirement = {
				kind = upToNextMajorVersion;
				minimumVersion = 5.9.0;
			};
		};
		70E2017E2BAEB86A00CFE1D7 /* XCRemoteSwiftPackageReference "swift-markdown-ui" */ = {
			isa = XCRemoteSwiftPackageReference;
			repositoryURL = "https://github.com/gonzalezreal/swift-markdown-ui";
			requirement = {
				kind = upToNextMajorVersion;
				minimumVersion = 2.3.0;
			};
		};
/* End XCRemoteSwiftPackageReference section */

/* Begin XCSwiftPackageProductDependency section */
		70097F912D6EE16300DDDEDF /* OllamaKit */ = {
			isa = XCSwiftPackageProductDependency;
			package = 70097F902D6EE16300DDDEDF /* XCRemoteSwiftPackageReference "OllamaKit" */;
			productName = OllamaKit;
		};
		7027C41E2D63396B00D37D14 /* WhisperKit */ = {
			isa = XCSwiftPackageProductDependency;
			package = 7027C41D2D63396B00D37D14 /* XCRemoteSwiftPackageReference "WhisperKit" */;
			productName = WhisperKit;
		};
		7027C4202D63396B00D37D14 /* whisperkit-cli */ = {
			isa = XCSwiftPackageProductDependency;
			package = 7027C41D2D63396B00D37D14 /* XCRemoteSwiftPackageReference "WhisperKit" */;
			productName = "whisperkit-cli";
		};
		703422102BB6A38C00332E04 /* OllamaKit */ = {
			isa = XCSwiftPackageProductDependency;
			productName = OllamaKit;
		};
		70A574A72BB0716A008E3750 /* OrderedCollections */ = {
			isa = XCSwiftPackageProductDependency;
			package = 70A574A62BB0716A008E3750 /* XCRemoteSwiftPackageReference "swift-collections" */;
			productName = OrderedCollections;
		};
		70A574AC2BB0894A008E3750 /* ActivityIndicatorView */ = {
			isa = XCSwiftPackageProductDependency;
			package = 70A574AB2BB0894A008E3750 /* XCRemoteSwiftPackageReference "ActivityIndicatorView" */;
			productName = ActivityIndicatorView;
		};
		70B13D012BBAF27700A42F3C /* SVDB */ = {
			isa = XCSwiftPackageProductDependency;
			package = 70B13D002BBAF27700A42F3C /* XCRemoteSwiftPackageReference "SVDB" */;
			productName = SVDB;
		};
		70C22FC12BAEC581002754C7 /* Splash */ = {
			isa = XCSwiftPackageProductDependency;
			package = 70C22FC02BAEC581002754C7 /* XCRemoteSwiftPackageReference "Splash" */;
			productName = Splash;
		};
		70C22FDE2BAFD463002754C7 /* Kingfisher */ = {
			isa = XCSwiftPackageProductDependency;
			package = 70C22FDD2BAFD463002754C7 /* XCRemoteSwiftPackageReference "Kingfisher" */;
			productName = Kingfisher;
		};
		70E201712BADE31700CFE1D7 /* Alamofire */ = {
			isa = XCSwiftPackageProductDependency;
			package = 70E201702BADE31700CFE1D7 /* XCRemoteSwiftPackageReference "Alamofire" */;
			productName = Alamofire;
		};
		70E2017F2BAEB86A00CFE1D7 /* MarkdownUI */ = {
			isa = XCSwiftPackageProductDependency;
			package = 70E2017E2BAEB86A00CFE1D7 /* XCRemoteSwiftPackageReference "swift-markdown-ui" */;
			productName = MarkdownUI;
		};
/* End XCSwiftPackageProductDependency section */
	};
	rootObject = 70CE605C2BAD2D4500A2D0B0 /* Project object */;
}
