// !$*UTF8*$!
{
	archiveVersion = 1;
	classes = {
	};
	objectVersion = 56;
	objects = {

/* Begin PBXBuildFile section */
		7019541A2BC7891C00CD2ED3 /* ollama in Resources */ = {isa = PBXBuildFile; fileRef = 701954192BC7891C00CD2ED3 /* ollama */; };
		7019541B2BC7892900CD2ED3 /* ollama in CopyFiles */ = {isa = PBXBuildFile; fileRef = 701954192BC7891C00CD2ED3 /* ollama */; settings = {ATTRIBUTES = (CodeSignOnCopy, ); }; };
		7019541E2BC78DF100CD2ED3 /* Sparkle in Frameworks */ = {isa = PBXBuildFile; productRef = 7019541D2BC78DF100CD2ED3 /* Sparkle */; };
		701954202BC78E1800CD2ED3 /* CheckForUpdatesView.swift in Sources */ = {isa = PBXBuildFile; fileRef = 7019541F2BC78E1800CD2ED3 /* CheckForUpdatesView.swift */; };
		701954232BC8244E00CD2ED3 /* Retriever.swift in Sources */ = {isa = PBXBuildFile; fileRef = 701954222BC8244E00CD2ED3 /* Retriever.swift */; };
		701954252BC8286E00CD2ED3 /* TextSplitter.swift in Sources */ = {isa = PBXBuildFile; fileRef = 701954242BC8286E00CD2ED3 /* TextSplitter.swift */; };
		701954272BC8D9ED00CD2ED3 /* MessageTemplate.swift in Sources */ = {isa = PBXBuildFile; fileRef = 701954262BC8D9ED00CD2ED3 /* MessageTemplate.swift */; };
		70271B3C2BC046F300E21A6E /* KnowledgaBaseModelActor.swift in Sources */ = {isa = PBXBuildFile; fileRef = 70271B3B2BC046F300E21A6E /* KnowledgaBaseModelActor.swift */; };
		70271B5E2BC1A97900E21A6E /* ModelStore.swift in Sources */ = {isa = PBXBuildFile; fileRef = 70271B5D2BC1A97900E21A6E /* ModelStore.swift */; };
		70271B782BC4412E00E21A6E /* SpeechRecognizer.swift in Sources */ = {isa = PBXBuildFile; fileRef = 70271B772BC4412E00E21A6E /* SpeechRecognizer.swift */; };
		703422112BB6A38C00332E04 /* OllamaKit in Frameworks */ = {isa = PBXBuildFile; productRef = 703422102BB6A38C00332E04 /* OllamaKit */; };
		703845832BB6674600E3128B /* Locale+.swift in Sources */ = {isa = PBXBuildFile; fileRef = 703845822BB6674600E3128B /* Locale+.swift */; };
		7041EA702BB2AACB00286AE3 /* EnvironmentValues+.swift in Sources */ = {isa = PBXBuildFile; fileRef = 7041EA6F2BB2AACB00286AE3 /* EnvironmentValues+.swift */; };
		7041EA722BB2AC8D00286AE3 /* ServerStatusView.swift in Sources */ = {isa = PBXBuildFile; fileRef = 7041EA712BB2AC8D00286AE3 /* ServerStatusView.swift */; };
		7045BF452BB314E700CE61D1 /* Bundle+.swift in Sources */ = {isa = PBXBuildFile; fileRef = 7045BF442BB314E700CE61D1 /* Bundle+.swift */; };
		705483F62BBE96AF00256094 /* LocalModelsView.swift in Sources */ = {isa = PBXBuildFile; fileRef = 705483F52BBE96AF00256094 /* LocalModelsView.swift */; };
		705483F82BBE992800256094 /* DeleteButton.swift in Sources */ = {isa = PBXBuildFile; fileRef = 705483F72BBE992800256094 /* DeleteButton.swift */; };
		7078AB342BB514A9004B3819 /* ModelDownloadProgress.swift in Sources */ = {isa = PBXBuildFile; fileRef = 7078AB332BB514A9004B3819 /* ModelDownloadProgress.swift */; };
		70896C632BB727AB006FEF6A /* ModelContext+.swift in Sources */ = {isa = PBXBuildFile; fileRef = 70896C622BB727AB006FEF6A /* ModelContext+.swift */; };
		70955E8E2BB2E29B00015B79 /* Comparable+.swift in Sources */ = {isa = PBXBuildFile; fileRef = 70955E8D2BB2E29B00015B79 /* Comparable+.swift */; };
		7097F96B2BB02DD2001A91E3 /* ModelTask.swift in Sources */ = {isa = PBXBuildFile; fileRef = 7097F96A2BB02DD2001A91E3 /* ModelTask.swift */; };
		70A574A52BB06CDB008E3750 /* Date+.swift in Sources */ = {isa = PBXBuildFile; fileRef = 70A574A42BB06CDB008E3750 /* Date+.swift */; };
		70A574A82BB0716A008E3750 /* OrderedCollections in Frameworks */ = {isa = PBXBuildFile; productRef = 70A574A72BB0716A008E3750 /* OrderedCollections */; };
		70A574AA2BB07264008E3750 /* Localizable.xcstrings in Resources */ = {isa = PBXBuildFile; fileRef = 70A574A92BB07264008E3750 /* Localizable.xcstrings */; };
		70A574AD2BB0894A008E3750 /* ActivityIndicatorView in Frameworks */ = {isa = PBXBuildFile; productRef = 70A574AC2BB0894A008E3750 /* ActivityIndicatorView */; };
		70A574B62BB12CCB008E3750 /* PersonalizationView.swift in Sources */ = {isa = PBXBuildFile; fileRef = 70A574B52BB12CCB008E3750 /* PersonalizationView.swift */; };
		70A574B82BB13965008E3750 /* Prompt.swift in Sources */ = {isa = PBXBuildFile; fileRef = 70A574B72BB13965008E3750 /* Prompt.swift */; };
		70A574BA2BB14D38008E3750 /* PromptCard.swift in Sources */ = {isa = PBXBuildFile; fileRef = 70A574B92BB14D38008E3750 /* PromptCard.swift */; };
		70B13D022BBAF27700A42F3C /* SVDB in Frameworks */ = {isa = PBXBuildFile; productRef = 70B13D012BBAF27700A42F3C /* SVDB */; };
		70B13D042BBB1F3300A42F3C /* XMLFile.swift in Sources */ = {isa = PBXBuildFile; fileRef = 70B13D032BBB1F3300A42F3C /* XMLFile.swift */; };
		70B13D062BBBDC2100A42F3C /* FileIcon.swift in Sources */ = {isa = PBXBuildFile; fileRef = 70B13D052BBBDC2100A42F3C /* FileIcon.swift */; };
		70B13D132BBC66FC00A42F3C /* KnowledgeBaseDetailListView.swift in Sources */ = {isa = PBXBuildFile; fileRef = 70B13D122BBC66FC00A42F3C /* KnowledgeBaseDetailListView.swift */; };
		70B13D152BBC678400A42F3C /* KnowledgeBaseDetailGridView.swift in Sources */ = {isa = PBXBuildFile; fileRef = 70B13D142BBC678400A42F3C /* KnowledgeBaseDetailGridView.swift */; };
		70B13D192BBD58DD00A42F3C /* ModelDetailView.swift in Sources */ = {isa = PBXBuildFile; fileRef = 70B13D182BBD58DD00A42F3C /* ModelDetailView.swift */; };
		70C22FC22BAEC581002754C7 /* Splash in Frameworks */ = {isa = PBXBuildFile; productRef = 70C22FC12BAEC581002754C7 /* Splash */; settings = {ATTRIBUTES = (Required, ); }; };
		70C22FC42BAECC95002754C7 /* Color+.swift in Sources */ = {isa = PBXBuildFile; fileRef = 70C22FC32BAECC95002754C7 /* Color+.swift */; };
		70C22FC62BAECD10002754C7 /* VIew+.swift in Sources */ = {isa = PBXBuildFile; fileRef = 70C22FC52BAECD10002754C7 /* VIew+.swift */; };
		70C22FC82BAECD55002754C7 /* Default.swift in Sources */ = {isa = PBXBuildFile; fileRef = 70C22FC72BAECD55002754C7 /* Default.swift */; };
		70C22FCC2BAEE24C002754C7 /* Image+.swift in Sources */ = {isa = PBXBuildFile; fileRef = 70C22FCB2BAEE24C002754C7 /* Image+.swift */; };
		70C22FD12BAF2C35002754C7 /* RoundedRectangle+.swift in Sources */ = {isa = PBXBuildFile; fileRef = 70C22FD02BAF2C35002754C7 /* RoundedRectangle+.swift */; };
		70C22FD72BAFD1B6002754C7 /* PlatformImage.swift in Sources */ = {isa = PBXBuildFile; fileRef = 70C22FD62BAFD1B6002754C7 /* PlatformImage.swift */; };
		70C22FDF2BAFD463002754C7 /* Kingfisher in Frameworks */ = {isa = PBXBuildFile; productRef = 70C22FDE2BAFD463002754C7 /* Kingfisher */; };
		70C22FE52BAFD53E002754C7 /* ImageLoader.swift in Sources */ = {isa = PBXBuildFile; fileRef = 70C22FE42BAFD53E002754C7 /* ImageLoader.swift */; };
		70C22FE72BAFD5C2002754C7 /* DefaultImageView.swift in Sources */ = {isa = PBXBuildFile; fileRef = 70C22FE62BAFD5C2002754C7 /* DefaultImageView.swift */; };
		70C22FE92BAFD5CA002754C7 /* ImageButton.swift in Sources */ = {isa = PBXBuildFile; fileRef = 70C22FE82BAFD5CA002754C7 /* ImageButton.swift */; };
		70C22FEB2BAFDB1E002754C7 /* MessageView.swift in Sources */ = {isa = PBXBuildFile; fileRef = 70C22FEA2BAFDB1E002754C7 /* MessageView.swift */; };
		70C22FED2BAFDFE9002754C7 /* TabView+.swift in Sources */ = {isa = PBXBuildFile; fileRef = 70C22FEC2BAFDFE9002754C7 /* TabView+.swift */; };
		70CE4D292BB83BF500E1DEE2 /* Pasteboard.swift in Sources */ = {isa = PBXBuildFile; fileRef = 70CE4D282BB83BF500E1DEE2 /* Pasteboard.swift */; };
		70CE4D2C2BB93DDA00E1DEE2 /* AVSpeechSynthesizer+.swift in Sources */ = {isa = PBXBuildFile; fileRef = 70CE4D2B2BB93DDA00E1DEE2 /* AVSpeechSynthesizer+.swift */; };
		70CE4D2F2BB94C7800E1DEE2 /* KnowledgeBase.swift in Sources */ = {isa = PBXBuildFile; fileRef = 70CE4D2E2BB94C7800E1DEE2 /* KnowledgeBase.swift */; };
		70CE4D312BB9500000E1DEE2 /* KnowledgeBaseDetailView.swift in Sources */ = {isa = PBXBuildFile; fileRef = 70CE4D302BB9500000E1DEE2 /* KnowledgeBaseDetailView.swift */; };
		70CE4D332BB9522F00E1DEE2 /* KnowledgeBaseEdition.swift in Sources */ = {isa = PBXBuildFile; fileRef = 70CE4D322BB9522F00E1DEE2 /* KnowledgeBaseEdition.swift */; };
		70CE4D392BB9718900E1DEE2 /* FileManager+.swift in Sources */ = {isa = PBXBuildFile; fileRef = 70CE4D382BB9718900E1DEE2 /* FileManager+.swift */; };
		70CE60682BAD2D4500A2D0B0 /* ModelCraftApp.swift in Sources */ = {isa = PBXBuildFile; fileRef = 70CE60672BAD2D4500A2D0B0 /* ModelCraftApp.swift */; };
		70CE606A2BAD2D4500A2D0B0 /* ContentView.swift in Sources */ = {isa = PBXBuildFile; fileRef = 70CE60692BAD2D4500A2D0B0 /* ContentView.swift */; };
		70CE606E2BAD2D4600A2D0B0 /* Assets.xcassets in Resources */ = {isa = PBXBuildFile; fileRef = 70CE606D2BAD2D4600A2D0B0 /* Assets.xcassets */; };
		70CE60722BAD2D4600A2D0B0 /* Preview Assets.xcassets in Resources */ = {isa = PBXBuildFile; fileRef = 70CE60712BAD2D4600A2D0B0 /* Preview Assets.xcassets */; };
		70CE607C2BAD2D4700A2D0B0 /* ModelCraftTests.swift in Sources */ = {isa = PBXBuildFile; fileRef = 70CE607B2BAD2D4700A2D0B0 /* ModelCraftTests.swift */; };
		70CE60862BAD2D4700A2D0B0 /* ModelCraftUITests.swift in Sources */ = {isa = PBXBuildFile; fileRef = 70CE60852BAD2D4700A2D0B0 /* ModelCraftUITests.swift */; };
		70CE60882BAD2D4700A2D0B0 /* ModelCraftUITestsLaunchTests.swift in Sources */ = {isa = PBXBuildFile; fileRef = 70CE60872BAD2D4700A2D0B0 /* ModelCraftUITestsLaunchTests.swift */; };
		70CE609C2BAD302000A2D0B0 /* LocalFileURL.swift in Sources */ = {isa = PBXBuildFile; fileRef = 70CE60982BAD302000A2D0B0 /* LocalFileURL.swift */; };
		70CE60A22BAD386E00A2D0B0 /* Message.swift in Sources */ = {isa = PBXBuildFile; fileRef = 70CE60A12BAD386E00A2D0B0 /* Message.swift */; };
		70CE60BE2BAD60AE00A2D0B0 /* SettingsView.swift in Sources */ = {isa = PBXBuildFile; fileRef = 70CE60BD2BAD60AE00A2D0B0 /* SettingsView.swift */; };
		70CE60C32BAD616600A2D0B0 /* GeneralView.swift in Sources */ = {isa = PBXBuildFile; fileRef = 70CE60C22BAD616600A2D0B0 /* GeneralView.swift */; };
		70CE60C62BAD61F600A2D0B0 /* UserDefaults+.swift in Sources */ = {isa = PBXBuildFile; fileRef = 70CE60C52BAD61F600A2D0B0 /* UserDefaults+.swift */; };
		70CE60C82BAD705E00A2D0B0 /* Chat.swift in Sources */ = {isa = PBXBuildFile; fileRef = 70CE60C72BAD705E00A2D0B0 /* Chat.swift */; };
		70E201722BADE31700CFE1D7 /* Alamofire in Frameworks */ = {isa = PBXBuildFile; productRef = 70E201712BADE31700CFE1D7 /* Alamofire */; };
		70E2017B2BAE825A00CFE1D7 /* ChatView.swift in Sources */ = {isa = PBXBuildFile; fileRef = 70E2017A2BAE825A00CFE1D7 /* ChatView.swift */; };
		70E2017D2BAEA9DE00CFE1D7 /* OllamaService.swift in Sources */ = {isa = PBXBuildFile; fileRef = 70E2017C2BAEA9DE00CFE1D7 /* OllamaService.swift */; };
		70E201802BAEB86A00CFE1D7 /* MarkdownUI in Frameworks */ = {isa = PBXBuildFile; productRef = 70E2017F2BAEB86A00CFE1D7 /* MarkdownUI */; };
		70E201852BAEC08900CFE1D7 /* SplashCodeSyntaxHighlighter.swift in Sources */ = {isa = PBXBuildFile; fileRef = 70E201842BAEC08900CFE1D7 /* SplashCodeSyntaxHighlighter.swift */; };
		70E201872BAEC0C700CFE1D7 /* TextOutputFormat.swift in Sources */ = {isa = PBXBuildFile; fileRef = 70E201862BAEC0C700CFE1D7 /* TextOutputFormat.swift */; };
/* End PBXBuildFile section */

/* Begin PBXContainerItemProxy section */
		70CE60782BAD2D4700A2D0B0 /* PBXContainerItemProxy */ = {
			isa = PBXContainerItemProxy;
			containerPortal = 70CE605C2BAD2D4500A2D0B0 /* Project object */;
			proxyType = 1;
			remoteGlobalIDString = 70CE60632BAD2D4500A2D0B0;
			remoteInfo = ModelCraft;
		};
		70CE60822BAD2D4700A2D0B0 /* PBXContainerItemProxy */ = {
			isa = PBXContainerItemProxy;
			containerPortal = 70CE605C2BAD2D4500A2D0B0 /* Project object */;
			proxyType = 1;
			remoteGlobalIDString = 70CE60632BAD2D4500A2D0B0;
			remoteInfo = ModelCraft;
		};
/* End PBXContainerItemProxy section */

/* Begin PBXCopyFilesBuildPhase section */
		70271B392BC0454600E21A6E /* CopyFiles */ = {
			isa = PBXCopyFilesBuildPhase;
			buildActionMask = 2147483647;
			dstPath = "";
			dstSubfolderSpec = 6;
			files = (
				7019541B2BC7892900CD2ED3 /* ollama in CopyFiles */,
			);
			runOnlyForDeploymentPostprocessing = 0;
		};
/* End PBXCopyFilesBuildPhase section */

/* Begin PBXFileReference section */
		701954192BC7891C00CD2ED3 /* ollama */ = {isa = PBXFileReference; lastKnownFileType = "compiled.mach-o.executable"; path = ollama; sourceTree = "<group>"; };
		7019541F2BC78E1800CD2ED3 /* CheckForUpdatesView.swift */ = {isa = PBXFileReference; lastKnownFileType = sourcecode.swift; path = CheckForUpdatesView.swift; sourceTree = "<group>"; };
		701954222BC8244E00CD2ED3 /* Retriever.swift */ = {isa = PBXFileReference; lastKnownFileType = sourcecode.swift; path = Retriever.swift; sourceTree = "<group>"; };
		701954242BC8286E00CD2ED3 /* TextSplitter.swift */ = {isa = PBXFileReference; lastKnownFileType = sourcecode.swift; path = TextSplitter.swift; sourceTree = "<group>"; };
		701954262BC8D9ED00CD2ED3 /* MessageTemplate.swift */ = {isa = PBXFileReference; lastKnownFileType = sourcecode.swift; path = MessageTemplate.swift; sourceTree = "<group>"; };
		70271B362BBEFAA500E21A6E /* OllamaKit */ = {isa = PBXFileReference; lastKnownFileType = wrapper; name = OllamaKit; path = ../OllamaKit; sourceTree = "<group>"; };
		70271B3B2BC046F300E21A6E /* KnowledgaBaseModelActor.swift */ = {isa = PBXFileReference; lastKnownFileType = sourcecode.swift; path = KnowledgaBaseModelActor.swift; sourceTree = "<group>"; };
		70271B5D2BC1A97900E21A6E /* ModelStore.swift */ = {isa = PBXFileReference; fileEncoding = 4; lastKnownFileType = sourcecode.swift; path = ModelStore.swift; sourceTree = "<group>"; };
		70271B772BC4412E00E21A6E /* SpeechRecognizer.swift */ = {isa = PBXFileReference; lastKnownFileType = sourcecode.swift; path = SpeechRecognizer.swift; sourceTree = "<group>"; };
		703845822BB6674600E3128B /* Locale+.swift */ = {isa = PBXFileReference; lastKnownFileType = sourcecode.swift; path = "Locale+.swift"; sourceTree = "<group>"; };
		7041EA6F2BB2AACB00286AE3 /* EnvironmentValues+.swift */ = {isa = PBXFileReference; lastKnownFileType = sourcecode.swift; path = "EnvironmentValues+.swift"; sourceTree = "<group>"; };
		7041EA712BB2AC8D00286AE3 /* ServerStatusView.swift */ = {isa = PBXFileReference; lastKnownFileType = sourcecode.swift; path = ServerStatusView.swift; sourceTree = "<group>"; };
		7045BF442BB314E700CE61D1 /* Bundle+.swift */ = {isa = PBXFileReference; lastKnownFileType = sourcecode.swift; path = "Bundle+.swift"; sourceTree = "<group>"; };
		7045BF462BB3FE0A00CE61D1 /* Info.plist */ = {isa = PBXFileReference; lastKnownFileType = text.plist; path = Info.plist; sourceTree = "<group>"; };
		705483F52BBE96AF00256094 /* LocalModelsView.swift */ = {isa = PBXFileReference; lastKnownFileType = sourcecode.swift; path = LocalModelsView.swift; sourceTree = "<group>"; };
		705483F72BBE992800256094 /* DeleteButton.swift */ = {isa = PBXFileReference; lastKnownFileType = sourcecode.swift; path = DeleteButton.swift; sourceTree = "<group>"; };
		7078AB332BB514A9004B3819 /* ModelDownloadProgress.swift */ = {isa = PBXFileReference; lastKnownFileType = sourcecode.swift; path = ModelDownloadProgress.swift; sourceTree = "<group>"; };
		70896C622BB727AB006FEF6A /* ModelContext+.swift */ = {isa = PBXFileReference; lastKnownFileType = sourcecode.swift; path = "ModelContext+.swift"; sourceTree = "<group>"; };
		70955E8D2BB2E29B00015B79 /* Comparable+.swift */ = {isa = PBXFileReference; fileEncoding = 4; lastKnownFileType = sourcecode.swift; path = "Comparable+.swift"; sourceTree = "<group>"; };
		7097F96A2BB02DD2001A91E3 /* ModelTask.swift */ = {isa = PBXFileReference; lastKnownFileType = sourcecode.swift; path = ModelTask.swift; sourceTree = "<group>"; };
		70A574A42BB06CDB008E3750 /* Date+.swift */ = {isa = PBXFileReference; lastKnownFileType = sourcecode.swift; path = "Date+.swift"; sourceTree = "<group>"; };
		70A574A92BB07264008E3750 /* Localizable.xcstrings */ = {isa = PBXFileReference; lastKnownFileType = text.json.xcstrings; path = Localizable.xcstrings; sourceTree = "<group>"; };
		70A574B52BB12CCB008E3750 /* PersonalizationView.swift */ = {isa = PBXFileReference; lastKnownFileType = sourcecode.swift; path = PersonalizationView.swift; sourceTree = "<group>"; };
		70A574B72BB13965008E3750 /* Prompt.swift */ = {isa = PBXFileReference; lastKnownFileType = sourcecode.swift; path = Prompt.swift; sourceTree = "<group>"; };
		70A574B92BB14D38008E3750 /* PromptCard.swift */ = {isa = PBXFileReference; lastKnownFileType = sourcecode.swift; path = PromptCard.swift; sourceTree = "<group>"; };
		70B13D032BBB1F3300A42F3C /* XMLFile.swift */ = {isa = PBXFileReference; lastKnownFileType = sourcecode.swift; path = XMLFile.swift; sourceTree = "<group>"; };
		70B13D052BBBDC2100A42F3C /* FileIcon.swift */ = {isa = PBXFileReference; lastKnownFileType = sourcecode.swift; path = FileIcon.swift; sourceTree = "<group>"; };
		70B13D122BBC66FC00A42F3C /* KnowledgeBaseDetailListView.swift */ = {isa = PBXFileReference; lastKnownFileType = sourcecode.swift; path = KnowledgeBaseDetailListView.swift; sourceTree = "<group>"; };
		70B13D142BBC678400A42F3C /* KnowledgeBaseDetailGridView.swift */ = {isa = PBXFileReference; lastKnownFileType = sourcecode.swift; path = KnowledgeBaseDetailGridView.swift; sourceTree = "<group>"; };
		70B13D182BBD58DD00A42F3C /* ModelDetailView.swift */ = {isa = PBXFileReference; lastKnownFileType = sourcecode.swift; path = ModelDetailView.swift; sourceTree = "<group>"; };
		70C22FC32BAECC95002754C7 /* Color+.swift */ = {isa = PBXFileReference; lastKnownFileType = sourcecode.swift; path = "Color+.swift"; sourceTree = "<group>"; };
		70C22FC52BAECD10002754C7 /* VIew+.swift */ = {isa = PBXFileReference; lastKnownFileType = sourcecode.swift; path = "VIew+.swift"; sourceTree = "<group>"; };
		70C22FC72BAECD55002754C7 /* Default.swift */ = {isa = PBXFileReference; lastKnownFileType = sourcecode.swift; path = Default.swift; sourceTree = "<group>"; };
		70C22FCB2BAEE24C002754C7 /* Image+.swift */ = {isa = PBXFileReference; fileEncoding = 4; lastKnownFileType = sourcecode.swift; path = "Image+.swift"; sourceTree = "<group>"; };
		70C22FD02BAF2C35002754C7 /* RoundedRectangle+.swift */ = {isa = PBXFileReference; lastKnownFileType = sourcecode.swift; path = "RoundedRectangle+.swift"; sourceTree = "<group>"; };
		70C22FD62BAFD1B6002754C7 /* PlatformImage.swift */ = {isa = PBXFileReference; fileEncoding = 4; lastKnownFileType = sourcecode.swift; path = PlatformImage.swift; sourceTree = "<group>"; };
		70C22FE42BAFD53E002754C7 /* ImageLoader.swift */ = {isa = PBXFileReference; lastKnownFileType = sourcecode.swift; path = ImageLoader.swift; sourceTree = "<group>"; };
		70C22FE62BAFD5C2002754C7 /* DefaultImageView.swift */ = {isa = PBXFileReference; fileEncoding = 4; lastKnownFileType = sourcecode.swift; path = DefaultImageView.swift; sourceTree = "<group>"; };
		70C22FE82BAFD5CA002754C7 /* ImageButton.swift */ = {isa = PBXFileReference; fileEncoding = 4; lastKnownFileType = sourcecode.swift; path = ImageButton.swift; sourceTree = "<group>"; };
		70C22FEA2BAFDB1E002754C7 /* MessageView.swift */ = {isa = PBXFileReference; lastKnownFileType = sourcecode.swift; path = MessageView.swift; sourceTree = "<group>"; };
		70C22FEC2BAFDFE9002754C7 /* TabView+.swift */ = {isa = PBXFileReference; fileEncoding = 4; lastKnownFileType = sourcecode.swift; path = "TabView+.swift"; sourceTree = "<group>"; };
		70CE4D282BB83BF500E1DEE2 /* Pasteboard.swift */ = {isa = PBXFileReference; lastKnownFileType = sourcecode.swift; path = Pasteboard.swift; sourceTree = "<group>"; };
		70CE4D2B2BB93DDA00E1DEE2 /* AVSpeechSynthesizer+.swift */ = {isa = PBXFileReference; lastKnownFileType = sourcecode.swift; path = "AVSpeechSynthesizer+.swift"; sourceTree = "<group>"; };
		70CE4D2E2BB94C7800E1DEE2 /* KnowledgeBase.swift */ = {isa = PBXFileReference; lastKnownFileType = sourcecode.swift; path = KnowledgeBase.swift; sourceTree = "<group>"; };
		70CE4D302BB9500000E1DEE2 /* KnowledgeBaseDetailView.swift */ = {isa = PBXFileReference; lastKnownFileType = sourcecode.swift; path = KnowledgeBaseDetailView.swift; sourceTree = "<group>"; };
		70CE4D322BB9522F00E1DEE2 /* KnowledgeBaseEdition.swift */ = {isa = PBXFileReference; lastKnownFileType = sourcecode.swift; path = KnowledgeBaseEdition.swift; sourceTree = "<group>"; };
		70CE4D382BB9718900E1DEE2 /* FileManager+.swift */ = {isa = PBXFileReference; fileEncoding = 4; lastKnownFileType = sourcecode.swift; path = "FileManager+.swift"; sourceTree = "<group>"; };
		70CE60642BAD2D4500A2D0B0 /* ModelCraft.app */ = {isa = PBXFileReference; explicitFileType = wrapper.application; includeInIndex = 0; path = ModelCraft.app; sourceTree = BUILT_PRODUCTS_DIR; };
		70CE60672BAD2D4500A2D0B0 /* ModelCraftApp.swift */ = {isa = PBXFileReference; lastKnownFileType = sourcecode.swift; path = ModelCraftApp.swift; sourceTree = "<group>"; };
		70CE60692BAD2D4500A2D0B0 /* ContentView.swift */ = {isa = PBXFileReference; lastKnownFileType = sourcecode.swift; path = ContentView.swift; sourceTree = "<group>"; };
		70CE606D2BAD2D4600A2D0B0 /* Assets.xcassets */ = {isa = PBXFileReference; lastKnownFileType = folder.assetcatalog; path = Assets.xcassets; sourceTree = "<group>"; };
		70CE606F2BAD2D4600A2D0B0 /* ModelCraft.entitlements */ = {isa = PBXFileReference; lastKnownFileType = text.plist.entitlements; path = ModelCraft.entitlements; sourceTree = "<group>"; };
		70CE60712BAD2D4600A2D0B0 /* Preview Assets.xcassets */ = {isa = PBXFileReference; lastKnownFileType = folder.assetcatalog; path = "Preview Assets.xcassets"; sourceTree = "<group>"; };
		70CE60772BAD2D4700A2D0B0 /* ModelCraftTests.xctest */ = {isa = PBXFileReference; explicitFileType = wrapper.cfbundle; includeInIndex = 0; path = ModelCraftTests.xctest; sourceTree = BUILT_PRODUCTS_DIR; };
		70CE607B2BAD2D4700A2D0B0 /* ModelCraftTests.swift */ = {isa = PBXFileReference; lastKnownFileType = sourcecode.swift; path = ModelCraftTests.swift; sourceTree = "<group>"; };
		70CE60812BAD2D4700A2D0B0 /* ModelCraftUITests.xctest */ = {isa = PBXFileReference; explicitFileType = wrapper.cfbundle; includeInIndex = 0; path = ModelCraftUITests.xctest; sourceTree = BUILT_PRODUCTS_DIR; };
		70CE60852BAD2D4700A2D0B0 /* ModelCraftUITests.swift */ = {isa = PBXFileReference; lastKnownFileType = sourcecode.swift; path = ModelCraftUITests.swift; sourceTree = "<group>"; };
		70CE60872BAD2D4700A2D0B0 /* ModelCraftUITestsLaunchTests.swift */ = {isa = PBXFileReference; lastKnownFileType = sourcecode.swift; path = ModelCraftUITestsLaunchTests.swift; sourceTree = "<group>"; };
		70CE60982BAD302000A2D0B0 /* LocalFileURL.swift */ = {isa = PBXFileReference; fileEncoding = 4; lastKnownFileType = sourcecode.swift; path = LocalFileURL.swift; sourceTree = "<group>"; };
		70CE60A12BAD386E00A2D0B0 /* Message.swift */ = {isa = PBXFileReference; lastKnownFileType = sourcecode.swift; path = Message.swift; sourceTree = "<group>"; };
		70CE60BD2BAD60AE00A2D0B0 /* SettingsView.swift */ = {isa = PBXFileReference; lastKnownFileType = sourcecode.swift; path = SettingsView.swift; sourceTree = "<group>"; };
		70CE60C22BAD616600A2D0B0 /* GeneralView.swift */ = {isa = PBXFileReference; lastKnownFileType = sourcecode.swift; path = GeneralView.swift; sourceTree = "<group>"; };
		70CE60C52BAD61F600A2D0B0 /* UserDefaults+.swift */ = {isa = PBXFileReference; fileEncoding = 4; lastKnownFileType = sourcecode.swift; path = "UserDefaults+.swift"; sourceTree = "<group>"; };
		70CE60C72BAD705E00A2D0B0 /* Chat.swift */ = {isa = PBXFileReference; lastKnownFileType = sourcecode.swift; path = Chat.swift; sourceTree = "<group>"; };
		70E2017A2BAE825A00CFE1D7 /* ChatView.swift */ = {isa = PBXFileReference; lastKnownFileType = sourcecode.swift; path = ChatView.swift; sourceTree = "<group>"; };
		70E2017C2BAEA9DE00CFE1D7 /* OllamaService.swift */ = {isa = PBXFileReference; lastKnownFileType = sourcecode.swift; path = OllamaService.swift; sourceTree = "<group>"; };
		70E201842BAEC08900CFE1D7 /* SplashCodeSyntaxHighlighter.swift */ = {isa = PBXFileReference; lastKnownFileType = sourcecode.swift; path = SplashCodeSyntaxHighlighter.swift; sourceTree = "<group>"; };
		70E201862BAEC0C700CFE1D7 /* TextOutputFormat.swift */ = {isa = PBXFileReference; lastKnownFileType = sourcecode.swift; path = TextOutputFormat.swift; sourceTree = "<group>"; };
/* End PBXFileReference section */

/* Begin PBXFrameworksBuildPhase section */
		70CE60612BAD2D4500A2D0B0 /* Frameworks */ = {
			isa = PBXFrameworksBuildPhase;
			buildActionMask = 2147483647;
			files = (
				7019541E2BC78DF100CD2ED3 /* Sparkle in Frameworks */,
				70A574A82BB0716A008E3750 /* OrderedCollections in Frameworks */,
				70C22FDF2BAFD463002754C7 /* Kingfisher in Frameworks */,
				70E201722BADE31700CFE1D7 /* Alamofire in Frameworks */,
				70B13D022BBAF27700A42F3C /* SVDB in Frameworks */,
				70E201802BAEB86A00CFE1D7 /* MarkdownUI in Frameworks */,
				70A574AD2BB0894A008E3750 /* ActivityIndicatorView in Frameworks */,
				70C22FC22BAEC581002754C7 /* Splash in Frameworks */,
				703422112BB6A38C00332E04 /* OllamaKit in Frameworks */,
			);
			runOnlyForDeploymentPostprocessing = 0;
		};
		70CE60742BAD2D4700A2D0B0 /* Frameworks */ = {
			isa = PBXFrameworksBuildPhase;
			buildActionMask = 2147483647;
			files = (
			);
			runOnlyForDeploymentPostprocessing = 0;
		};
		70CE607E2BAD2D4700A2D0B0 /* Frameworks */ = {
			isa = PBXFrameworksBuildPhase;
			buildActionMask = 2147483647;
			files = (
			);
			runOnlyForDeploymentPostprocessing = 0;
		};
/* End PBXFrameworksBuildPhase section */

/* Begin PBXGroup section */
		701954182BC788D200CD2ED3 /* Executables */ = {
			isa = PBXGroup;
			children = (
				701954192BC7891C00CD2ED3 /* ollama */,
			);
			path = Executables;
			sourceTree = "<group>";
		};
		701954212BC78E5000CD2ED3 /* Update */ = {
			isa = PBXGroup;
			children = (
				7019541F2BC78E1800CD2ED3 /* CheckForUpdatesView.swift */,
			);
			path = Update;
			sourceTree = "<group>";
		};
		70271B792BC4E2CC00E21A6E /* Models */ = {
			isa = PBXGroup;
			children = (
				70CE60982BAD302000A2D0B0 /* LocalFileURL.swift */,
				70C22FC72BAECD55002754C7 /* Default.swift */,
				70E201842BAEC08900CFE1D7 /* SplashCodeSyntaxHighlighter.swift */,
				70E201862BAEC0C700CFE1D7 /* TextOutputFormat.swift */,
				70B13D032BBB1F3300A42F3C /* XMLFile.swift */,
				70CE4D282BB83BF500E1DEE2 /* Pasteboard.swift */,
				70271B3B2BC046F300E21A6E /* KnowledgaBaseModelActor.swift */,
				70271B772BC4412E00E21A6E /* SpeechRecognizer.swift */,
				701954222BC8244E00CD2ED3 /* Retriever.swift */,
				701954242BC8286E00CD2ED3 /* TextSplitter.swift */,
				701954262BC8D9ED00CD2ED3 /* MessageTemplate.swift */,
			);
			path = Models;
			sourceTree = "<group>";
		};
		706D729D2BB6B076004ACF35 /* Services */ = {
			isa = PBXGroup;
			children = (
				70E2017C2BAEA9DE00CFE1D7 /* OllamaService.swift */,
			);
			path = Services;
			sourceTree = "<group>";
		};
		7078AB302BB510A1004B3819 /* Model */ = {
			isa = PBXGroup;
			children = (
				70271B5D2BC1A97900E21A6E /* ModelStore.swift */,
				70B13D182BBD58DD00A42F3C /* ModelDetailView.swift */,
				705483F52BBE96AF00256094 /* LocalModelsView.swift */,
			);
			path = Model;
			sourceTree = "<group>";
		};
		70896C642BB727B7006FEF6A /* SwiftData */ = {
			isa = PBXGroup;
			children = (
				70896C622BB727AB006FEF6A /* ModelContext+.swift */,
			);
			path = SwiftData;
			sourceTree = "<group>";
		};
		70A574AE2BB0997A008E3750 /* Views */ = {
			isa = PBXGroup;
			children = (
				70E2017A2BAE825A00CFE1D7 /* ChatView.swift */,
				70C22FEA2BAFDB1E002754C7 /* MessageView.swift */,
				70A574B92BB14D38008E3750 /* PromptCard.swift */,
			);
			path = Views;
			sourceTree = "<group>";
		};
		70A574AF2BB09981008E3750 /* Models */ = {
			isa = PBXGroup;
			children = (
				70CE60A12BAD386E00A2D0B0 /* Message.swift */,
				70CE60C72BAD705E00A2D0B0 /* Chat.swift */,
				70A574B72BB13965008E3750 /* Prompt.swift */,
			);
			path = Models;
			sourceTree = "<group>";
		};
		70A574B02BB099A1008E3750 /* Models */ = {
			isa = PBXGroup;
			children = (
				7097F96A2BB02DD2001A91E3 /* ModelTask.swift */,
			);
			path = Models;
			sourceTree = "<group>";
		};
		70A574B12BB099AD008E3750 /* Views */ = {
			isa = PBXGroup;
			children = (
				70CE60BD2BAD60AE00A2D0B0 /* SettingsView.swift */,
				70CE60C22BAD616600A2D0B0 /* GeneralView.swift */,
				70A574B52BB12CCB008E3750 /* PersonalizationView.swift */,
			);
			path = Views;
			sourceTree = "<group>";
		};
		70B13D072BBBE04A00A42F3C /* Foundation */ = {
			isa = PBXGroup;
			children = (
				70CE4D382BB9718900E1DEE2 /* FileManager+.swift */,
				70CE60C52BAD61F600A2D0B0 /* UserDefaults+.swift */,
				703845822BB6674600E3128B /* Locale+.swift */,
				7045BF442BB314E700CE61D1 /* Bundle+.swift */,
			);
			path = Foundation;
			sourceTree = "<group>";
		};
		70C22FD22BAF2C51002754C7 /* SwiftUI */ = {
			isa = PBXGroup;
			children = (
				70C22FEC2BAFDFE9002754C7 /* TabView+.swift */,
				70C22FC32BAECC95002754C7 /* Color+.swift */,
				70C22FC52BAECD10002754C7 /* VIew+.swift */,
				70C22FCB2BAEE24C002754C7 /* Image+.swift */,
				70C22FD02BAF2C35002754C7 /* RoundedRectangle+.swift */,
				7041EA6F2BB2AACB00286AE3 /* EnvironmentValues+.swift */,
			);
			path = SwiftUI;
			sourceTree = "<group>";
		};
		70C22FD52BAFD1AA002754C7 /* Components */ = {
			isa = PBXGroup;
			children = (
				70C22FE82BAFD5CA002754C7 /* ImageButton.swift */,
				70C22FE62BAFD5C2002754C7 /* DefaultImageView.swift */,
				70C22FD62BAFD1B6002754C7 /* PlatformImage.swift */,
				70C22FE42BAFD53E002754C7 /* ImageLoader.swift */,
				7041EA712BB2AC8D00286AE3 /* ServerStatusView.swift */,
				7078AB332BB514A9004B3819 /* ModelDownloadProgress.swift */,
				70B13D052BBBDC2100A42F3C /* FileIcon.swift */,
				705483F72BBE992800256094 /* DeleteButton.swift */,
			);
			path = Components;
			sourceTree = "<group>";
		};
		70CE4D2D2BB94C4300E1DEE2 /* KnowledgeBase */ = {
			isa = PBXGroup;
			children = (
				70CE4D352BB9618E00E1DEE2 /* Models */,
				70CE4D342BB9618600E1DEE2 /* Views */,
			);
			path = KnowledgeBase;
			sourceTree = "<group>";
		};
		70CE4D342BB9618600E1DEE2 /* Views */ = {
			isa = PBXGroup;
			children = (
				70CE4D302BB9500000E1DEE2 /* KnowledgeBaseDetailView.swift */,
				70CE4D322BB9522F00E1DEE2 /* KnowledgeBaseEdition.swift */,
				70B13D122BBC66FC00A42F3C /* KnowledgeBaseDetailListView.swift */,
				70B13D142BBC678400A42F3C /* KnowledgeBaseDetailGridView.swift */,
			);
			path = Views;
			sourceTree = "<group>";
		};
		70CE4D352BB9618E00E1DEE2 /* Models */ = {
			isa = PBXGroup;
			children = (
				70CE4D2E2BB94C7800E1DEE2 /* KnowledgeBase.swift */,
			);
			path = Models;
			sourceTree = "<group>";
		};
		70CE605B2BAD2D4500A2D0B0 = {
			isa = PBXGroup;
			children = (
				70271B362BBEFAA500E21A6E /* OllamaKit */,
				70CE60662BAD2D4500A2D0B0 /* ModelCraft */,
				70CE607A2BAD2D4700A2D0B0 /* ModelCraftTests */,
				70CE60842BAD2D4700A2D0B0 /* ModelCraftUITests */,
				70CE60652BAD2D4500A2D0B0 /* Products */,
			);
			sourceTree = "<group>";
		};
		70CE60652BAD2D4500A2D0B0 /* Products */ = {
			isa = PBXGroup;
			children = (
				70CE60642BAD2D4500A2D0B0 /* ModelCraft.app */,
				70CE60772BAD2D4700A2D0B0 /* ModelCraftTests.xctest */,
				70CE60812BAD2D4700A2D0B0 /* ModelCraftUITests.xctest */,
			);
			name = Products;
			sourceTree = "<group>";
		};
		70CE60662BAD2D4500A2D0B0 /* ModelCraft */ = {
			isa = PBXGroup;
			children = (
				70CE606F2BAD2D4600A2D0B0 /* ModelCraft.entitlements */,
				7045BF462BB3FE0A00CE61D1 /* Info.plist */,
				70CE60692BAD2D4500A2D0B0 /* ContentView.swift */,
				70CE60672BAD2D4500A2D0B0 /* ModelCraftApp.swift */,
				70CE606D2BAD2D4600A2D0B0 /* Assets.xcassets */,
				70A574A92BB07264008E3750 /* Localizable.xcstrings */,
				70C22FD52BAFD1AA002754C7 /* Components */,
				701954182BC788D200CD2ED3 /* Executables */,
				70CE609A2BAD302000A2D0B0 /* Extension */,
				70CE60C92BAD7A4700A2D0B0 /* Features */,
				70271B792BC4E2CC00E21A6E /* Models */,
				70CE60702BAD2D4600A2D0B0 /* Preview Content */,
				706D729D2BB6B076004ACF35 /* Services */,
			);
			path = ModelCraft;
			sourceTree = "<group>";
		};
		70CE60702BAD2D4600A2D0B0 /* Preview Content */ = {
			isa = PBXGroup;
			children = (
				70CE60712BAD2D4600A2D0B0 /* Preview Assets.xcassets */,
			);
			path = "Preview Content";
			sourceTree = "<group>";
		};
		70CE607A2BAD2D4700A2D0B0 /* ModelCraftTests */ = {
			isa = PBXGroup;
			children = (
				70CE607B2BAD2D4700A2D0B0 /* ModelCraftTests.swift */,
			);
			path = ModelCraftTests;
			sourceTree = "<group>";
		};
		70CE60842BAD2D4700A2D0B0 /* ModelCraftUITests */ = {
			isa = PBXGroup;
			children = (
				70CE60852BAD2D4700A2D0B0 /* ModelCraftUITests.swift */,
				70CE60872BAD2D4700A2D0B0 /* ModelCraftUITestsLaunchTests.swift */,
			);
			path = ModelCraftUITests;
			sourceTree = "<group>";
		};
		70CE609A2BAD302000A2D0B0 /* Extension */ = {
			isa = PBXGroup;
			children = (
				70B13D072BBBE04A00A42F3C /* Foundation */,
				70896C642BB727B7006FEF6A /* SwiftData */,
				70C22FD22BAF2C51002754C7 /* SwiftUI */,
				70A574A42BB06CDB008E3750 /* Date+.swift */,
				70955E8D2BB2E29B00015B79 /* Comparable+.swift */,
				70CE4D2B2BB93DDA00E1DEE2 /* AVSpeechSynthesizer+.swift */,
			);
			path = Extension;
			sourceTree = "<group>";
		};
		70CE60C92BAD7A4700A2D0B0 /* Features */ = {
			isa = PBXGroup;
			children = (
				701954212BC78E5000CD2ED3 /* Update */,
				70CE4D2D2BB94C4300E1DEE2 /* KnowledgeBase */,
				7078AB302BB510A1004B3819 /* Model */,
				70E201792BAE825100CFE1D7 /* Chat */,
				70CE60CA2BAD7A4F00A2D0B0 /* Settings */,
			);
			path = Features;
			sourceTree = "<group>";
		};
		70CE60CA2BAD7A4F00A2D0B0 /* Settings */ = {
			isa = PBXGroup;
			children = (
				70A574B12BB099AD008E3750 /* Views */,
				70A574B02BB099A1008E3750 /* Models */,
			);
			path = Settings;
			sourceTree = "<group>";
		};
		70E201792BAE825100CFE1D7 /* Chat */ = {
			isa = PBXGroup;
			children = (
				70A574AF2BB09981008E3750 /* Models */,
				70A574AE2BB0997A008E3750 /* Views */,
			);
			path = Chat;
			sourceTree = "<group>";
		};
/* End PBXGroup section */

/* Begin PBXNativeTarget section */
		70CE60632BAD2D4500A2D0B0 /* ModelCraft */ = {
			isa = PBXNativeTarget;
			buildConfigurationList = 70CE608B2BAD2D4700A2D0B0 /* Build configuration list for PBXNativeTarget "ModelCraft" */;
			buildPhases = (
				70CE60602BAD2D4500A2D0B0 /* Sources */,
				70CE60612BAD2D4500A2D0B0 /* Frameworks */,
				70CE60622BAD2D4500A2D0B0 /* Resources */,
				70271B392BC0454600E21A6E /* CopyFiles */,
			);
			buildRules = (
			);
			dependencies = (
			);
			name = ModelCraft;
			packageProductDependencies = (
				70E201712BADE31700CFE1D7 /* Alamofire */,
				70E2017F2BAEB86A00CFE1D7 /* MarkdownUI */,
				70C22FC12BAEC581002754C7 /* Splash */,
				70C22FDE2BAFD463002754C7 /* Kingfisher */,
				70A574A72BB0716A008E3750 /* OrderedCollections */,
				70A574AC2BB0894A008E3750 /* ActivityIndicatorView */,
				703422102BB6A38C00332E04 /* OllamaKit */,
				70B13D012BBAF27700A42F3C /* SVDB */,
				7019541D2BC78DF100CD2ED3 /* Sparkle */,
			);
			productName = ModelCraft;
			productReference = 70CE60642BAD2D4500A2D0B0 /* ModelCraft.app */;
			productType = "com.apple.product-type.application";
		};
		70CE60762BAD2D4700A2D0B0 /* ModelCraftTests */ = {
			isa = PBXNativeTarget;
			buildConfigurationList = 70CE608E2BAD2D4700A2D0B0 /* Build configuration list for PBXNativeTarget "ModelCraftTests" */;
			buildPhases = (
				70CE60732BAD2D4700A2D0B0 /* Sources */,
				70CE60742BAD2D4700A2D0B0 /* Frameworks */,
				70CE60752BAD2D4700A2D0B0 /* Resources */,
			);
			buildRules = (
			);
			dependencies = (
				70CE60792BAD2D4700A2D0B0 /* PBXTargetDependency */,
			);
			name = ModelCraftTests;
			productName = ModelCraftTests;
			productReference = 70CE60772BAD2D4700A2D0B0 /* ModelCraftTests.xctest */;
			productType = "com.apple.product-type.bundle.unit-test";
		};
		70CE60802BAD2D4700A2D0B0 /* ModelCraftUITests */ = {
			isa = PBXNativeTarget;
			buildConfigurationList = 70CE60912BAD2D4700A2D0B0 /* Build configuration list for PBXNativeTarget "ModelCraftUITests" */;
			buildPhases = (
				70CE607D2BAD2D4700A2D0B0 /* Sources */,
				70CE607E2BAD2D4700A2D0B0 /* Frameworks */,
				70CE607F2BAD2D4700A2D0B0 /* Resources */,
			);
			buildRules = (
			);
			dependencies = (
				70CE60832BAD2D4700A2D0B0 /* PBXTargetDependency */,
			);
			name = ModelCraftUITests;
			productName = ModelCraftUITests;
			productReference = 70CE60812BAD2D4700A2D0B0 /* ModelCraftUITests.xctest */;
			productType = "com.apple.product-type.bundle.ui-testing";
		};
/* End PBXNativeTarget section */

/* Begin PBXProject section */
		70CE605C2BAD2D4500A2D0B0 /* Project object */ = {
			isa = PBXProject;
			attributes = {
				BuildIndependentTargetsInParallel = 1;
				LastSwiftUpdateCheck = 1530;
				LastUpgradeCheck = 1530;
				TargetAttributes = {
					70CE60632BAD2D4500A2D0B0 = {
						CreatedOnToolsVersion = 15.3;
					};
					70CE60762BAD2D4700A2D0B0 = {
						CreatedOnToolsVersion = 15.3;
						TestTargetID = 70CE60632BAD2D4500A2D0B0;
					};
					70CE60802BAD2D4700A2D0B0 = {
						CreatedOnToolsVersion = 15.3;
						TestTargetID = 70CE60632BAD2D4500A2D0B0;
					};
				};
			};
			buildConfigurationList = 70CE605F2BAD2D4500A2D0B0 /* Build configuration list for PBXProject "ModelCraft" */;
			compatibilityVersion = "Xcode 14.0";
			developmentRegion = en;
			hasScannedForEncodings = 0;
			knownRegions = (
				en,
				Base,
				"zh-Hans",
			);
			mainGroup = 70CE605B2BAD2D4500A2D0B0;
			packageReferences = (
				70E201702BADE31700CFE1D7 /* XCRemoteSwiftPackageReference "Alamofire" */,
				70E2017E2BAEB86A00CFE1D7 /* XCRemoteSwiftPackageReference "swift-markdown-ui" */,
				70C22FC02BAEC581002754C7 /* XCRemoteSwiftPackageReference "Splash" */,
				70C22FDD2BAFD463002754C7 /* XCRemoteSwiftPackageReference "Kingfisher" */,
				70A574A62BB0716A008E3750 /* XCRemoteSwiftPackageReference "swift-collections" */,
				70A574AB2BB0894A008E3750 /* XCRemoteSwiftPackageReference "ActivityIndicatorView" */,
				70B13D002BBAF27700A42F3C /* XCRemoteSwiftPackageReference "SVDB" */,
				7019541C2BC78DF100CD2ED3 /* XCRemoteSwiftPackageReference "Sparkle" */,
			);
			productRefGroup = 70CE60652BAD2D4500A2D0B0 /* Products */;
			projectDirPath = "";
			projectRoot = "";
			targets = (
				70CE60632BAD2D4500A2D0B0 /* ModelCraft */,
				70CE60762BAD2D4700A2D0B0 /* ModelCraftTests */,
				70CE60802BAD2D4700A2D0B0 /* ModelCraftUITests */,
			);
		};
/* End PBXProject section */

/* Begin PBXResourcesBuildPhase section */
		70CE60622BAD2D4500A2D0B0 /* Resources */ = {
			isa = PBXResourcesBuildPhase;
			buildActionMask = 2147483647;
			files = (
				7019541A2BC7891C00CD2ED3 /* ollama in Resources */,
				70CE60722BAD2D4600A2D0B0 /* Preview Assets.xcassets in Resources */,
				70CE606E2BAD2D4600A2D0B0 /* Assets.xcassets in Resources */,
				70A574AA2BB07264008E3750 /* Localizable.xcstrings in Resources */,
			);
			runOnlyForDeploymentPostprocessing = 0;
		};
		70CE60752BAD2D4700A2D0B0 /* Resources */ = {
			isa = PBXResourcesBuildPhase;
			buildActionMask = 2147483647;
			files = (
			);
			runOnlyForDeploymentPostprocessing = 0;
		};
		70CE607F2BAD2D4700A2D0B0 /* Resources */ = {
			isa = PBXResourcesBuildPhase;
			buildActionMask = 2147483647;
			files = (
			);
			runOnlyForDeploymentPostprocessing = 0;
		};
/* End PBXResourcesBuildPhase section */

/* Begin PBXSourcesBuildPhase section */
		70CE60602BAD2D4500A2D0B0 /* Sources */ = {
			isa = PBXSourcesBuildPhase;
			buildActionMask = 2147483647;
			files = (
				7078AB342BB514A9004B3819 /* ModelDownloadProgress.swift in Sources */,
				70B13D062BBBDC2100A42F3C /* FileIcon.swift in Sources */,
				70CE4D2C2BB93DDA00E1DEE2 /* AVSpeechSynthesizer+.swift in Sources */,
				70A574B82BB13965008E3750 /* Prompt.swift in Sources */,
				70CE60C82BAD705E00A2D0B0 /* Chat.swift in Sources */,
				701954252BC8286E00CD2ED3 /* TextSplitter.swift in Sources */,
				70CE609C2BAD302000A2D0B0 /* LocalFileURL.swift in Sources */,
				70A574A52BB06CDB008E3750 /* Date+.swift in Sources */,
				70CE606A2BAD2D4500A2D0B0 /* ContentView.swift in Sources */,
				70CE4D332BB9522F00E1DEE2 /* KnowledgeBaseEdition.swift in Sources */,
				7041EA722BB2AC8D00286AE3 /* ServerStatusView.swift in Sources */,
				70271B3C2BC046F300E21A6E /* KnowledgaBaseModelActor.swift in Sources */,
				70C22FE72BAFD5C2002754C7 /* DefaultImageView.swift in Sources */,
				70C22FC42BAECC95002754C7 /* Color+.swift in Sources */,
				70B13D042BBB1F3300A42F3C /* XMLFile.swift in Sources */,
				70CE4D292BB83BF500E1DEE2 /* Pasteboard.swift in Sources */,
				70E2017D2BAEA9DE00CFE1D7 /* OllamaService.swift in Sources */,
				70E201872BAEC0C700CFE1D7 /* TextOutputFormat.swift in Sources */,
				705483F62BBE96AF00256094 /* LocalModelsView.swift in Sources */,
				70271B5E2BC1A97900E21A6E /* ModelStore.swift in Sources */,
				701954202BC78E1800CD2ED3 /* CheckForUpdatesView.swift in Sources */,
				70C22FC62BAECD10002754C7 /* VIew+.swift in Sources */,
				70CE4D392BB9718900E1DEE2 /* FileManager+.swift in Sources */,
				70CE60C62BAD61F600A2D0B0 /* UserDefaults+.swift in Sources */,
				70C22FD72BAFD1B6002754C7 /* PlatformImage.swift in Sources */,
				70C22FCC2BAEE24C002754C7 /* Image+.swift in Sources */,
				701954232BC8244E00CD2ED3 /* Retriever.swift in Sources */,
				705483F82BBE992800256094 /* DeleteButton.swift in Sources */,
				70E2017B2BAE825A00CFE1D7 /* ChatView.swift in Sources */,
				70CE60BE2BAD60AE00A2D0B0 /* SettingsView.swift in Sources */,
				70C22FD12BAF2C35002754C7 /* RoundedRectangle+.swift in Sources */,
				7097F96B2BB02DD2001A91E3 /* ModelTask.swift in Sources */,
				70C22FC82BAECD55002754C7 /* Default.swift in Sources */,
				70896C632BB727AB006FEF6A /* ModelContext+.swift in Sources */,
				70CE4D2F2BB94C7800E1DEE2 /* KnowledgeBase.swift in Sources */,
				70A574B62BB12CCB008E3750 /* PersonalizationView.swift in Sources */,
				7041EA702BB2AACB00286AE3 /* EnvironmentValues+.swift in Sources */,
				70CE60A22BAD386E00A2D0B0 /* Message.swift in Sources */,
				701954272BC8D9ED00CD2ED3 /* MessageTemplate.swift in Sources */,
				70B13D192BBD58DD00A42F3C /* ModelDetailView.swift in Sources */,
				70B13D132BBC66FC00A42F3C /* KnowledgeBaseDetailListView.swift in Sources */,
				70E201852BAEC08900CFE1D7 /* SplashCodeSyntaxHighlighter.swift in Sources */,
				70CE60C32BAD616600A2D0B0 /* GeneralView.swift in Sources */,
				703845832BB6674600E3128B /* Locale+.swift in Sources */,
				70C22FED2BAFDFE9002754C7 /* TabView+.swift in Sources */,
				70A574BA2BB14D38008E3750 /* PromptCard.swift in Sources */,
				70C22FEB2BAFDB1E002754C7 /* MessageView.swift in Sources */,
				70C22FE52BAFD53E002754C7 /* ImageLoader.swift in Sources */,
				70955E8E2BB2E29B00015B79 /* Comparable+.swift in Sources */,
				7045BF452BB314E700CE61D1 /* Bundle+.swift in Sources */,
				70B13D152BBC678400A42F3C /* KnowledgeBaseDetailGridView.swift in Sources */,
				70C22FE92BAFD5CA002754C7 /* ImageButton.swift in Sources */,
				70271B782BC4412E00E21A6E /* SpeechRecognizer.swift in Sources */,
				70CE4D312BB9500000E1DEE2 /* KnowledgeBaseDetailView.swift in Sources */,
				70CE60682BAD2D4500A2D0B0 /* ModelCraftApp.swift in Sources */,
			);
			runOnlyForDeploymentPostprocessing = 0;
		};
		70CE60732BAD2D4700A2D0B0 /* Sources */ = {
			isa = PBXSourcesBuildPhase;
			buildActionMask = 2147483647;
			files = (
				70CE607C2BAD2D4700A2D0B0 /* ModelCraftTests.swift in Sources */,
			);
			runOnlyForDeploymentPostprocessing = 0;
		};
		70CE607D2BAD2D4700A2D0B0 /* Sources */ = {
			isa = PBXSourcesBuildPhase;
			buildActionMask = 2147483647;
			files = (
				70CE60862BAD2D4700A2D0B0 /* ModelCraftUITests.swift in Sources */,
				70CE60882BAD2D4700A2D0B0 /* ModelCraftUITestsLaunchTests.swift in Sources */,
			);
			runOnlyForDeploymentPostprocessing = 0;
		};
/* End PBXSourcesBuildPhase section */

/* Begin PBXTargetDependency section */
		70CE60792BAD2D4700A2D0B0 /* PBXTargetDependency */ = {
			isa = PBXTargetDependency;
			target = 70CE60632BAD2D4500A2D0B0 /* ModelCraft */;
			targetProxy = 70CE60782BAD2D4700A2D0B0 /* PBXContainerItemProxy */;
		};
		70CE60832BAD2D4700A2D0B0 /* PBXTargetDependency */ = {
			isa = PBXTargetDependency;
			target = 70CE60632BAD2D4500A2D0B0 /* ModelCraft */;
			targetProxy = 70CE60822BAD2D4700A2D0B0 /* PBXContainerItemProxy */;
		};
/* End PBXTargetDependency section */

/* Begin XCBuildConfiguration section */
		70CE60892BAD2D4700A2D0B0 /* Debug */ = {
			isa = XCBuildConfiguration;
			buildSettings = {
				ALWAYS_SEARCH_USER_PATHS = NO;
				ASSETCATALOG_COMPILER_GENERATE_SWIFT_ASSET_SYMBOL_EXTENSIONS = YES;
				CLANG_ANALYZER_NONNULL = YES;
				CLANG_ANALYZER_NUMBER_OBJECT_CONVERSION = YES_AGGRESSIVE;
				CLANG_CXX_LANGUAGE_STANDARD = "gnu++20";
				CLANG_ENABLE_MODULES = YES;
				CLANG_ENABLE_OBJC_ARC = YES;
				CLANG_ENABLE_OBJC_WEAK = YES;
				CLANG_WARN_BLOCK_CAPTURE_AUTORELEASING = YES;
				CLANG_WARN_BOOL_CONVERSION = YES;
				CLANG_WARN_COMMA = YES;
				CLANG_WARN_CONSTANT_CONVERSION = YES;
				CLANG_WARN_DEPRECATED_OBJC_IMPLEMENTATIONS = YES;
				CLANG_WARN_DIRECT_OBJC_ISA_USAGE = YES_ERROR;
				CLANG_WARN_DOCUMENTATION_COMMENTS = YES;
				CLANG_WARN_EMPTY_BODY = YES;
				CLANG_WARN_ENUM_CONVERSION = YES;
				CLANG_WARN_INFINITE_RECURSION = YES;
				CLANG_WARN_INT_CONVERSION = YES;
				CLANG_WARN_NON_LITERAL_NULL_CONVERSION = YES;
				CLANG_WARN_OBJC_IMPLICIT_RETAIN_SELF = YES;
				CLANG_WARN_OBJC_LITERAL_CONVERSION = YES;
				CLANG_WARN_OBJC_ROOT_CLASS = YES_ERROR;
				CLANG_WARN_QUOTED_INCLUDE_IN_FRAMEWORK_HEADER = YES;
				CLANG_WARN_RANGE_LOOP_ANALYSIS = YES;
				CLANG_WARN_STRICT_PROTOTYPES = YES;
				CLANG_WARN_SUSPICIOUS_MOVE = YES;
				CLANG_WARN_UNGUARDED_AVAILABILITY = YES_AGGRESSIVE;
				CLANG_WARN_UNREACHABLE_CODE = YES;
				CLANG_WARN__DUPLICATE_METHOD_MATCH = YES;
				COPY_PHASE_STRIP = NO;
				DEBUG_INFORMATION_FORMAT = dwarf;
				ENABLE_STRICT_OBJC_MSGSEND = YES;
				ENABLE_TESTABILITY = YES;
				ENABLE_USER_SCRIPT_SANDBOXING = YES;
				GCC_C_LANGUAGE_STANDARD = gnu17;
				GCC_DYNAMIC_NO_PIC = NO;
				GCC_NO_COMMON_BLOCKS = YES;
				GCC_OPTIMIZATION_LEVEL = 0;
				GCC_PREPROCESSOR_DEFINITIONS = (
					"DEBUG=1",
					"$(inherited)",
				);
				GCC_WARN_64_TO_32_BIT_CONVERSION = YES;
				GCC_WARN_ABOUT_RETURN_TYPE = YES_ERROR;
				GCC_WARN_UNDECLARED_SELECTOR = YES;
				GCC_WARN_UNINITIALIZED_AUTOS = YES_AGGRESSIVE;
				GCC_WARN_UNUSED_FUNCTION = YES;
				GCC_WARN_UNUSED_VARIABLE = YES;
				IPHONEOS_DEPLOYMENT_TARGET = 17.0;
				LOCALIZATION_PREFERS_STRING_CATALOGS = YES;
				MACOSX_DEPLOYMENT_TARGET = 14.0;
				MTL_ENABLE_DEBUG_INFO = INCLUDE_SOURCE;
				MTL_FAST_MATH = YES;
				ONLY_ACTIVE_ARCH = YES;
				SWIFT_ACTIVE_COMPILATION_CONDITIONS = "DEBUG $(inherited)";
				SWIFT_OPTIMIZATION_LEVEL = "-Onone";
			};
			name = Debug;
		};
		70CE608A2BAD2D4700A2D0B0 /* Release */ = {
			isa = XCBuildConfiguration;
			buildSettings = {
				ALWAYS_SEARCH_USER_PATHS = NO;
				ASSETCATALOG_COMPILER_GENERATE_SWIFT_ASSET_SYMBOL_EXTENSIONS = YES;
				CLANG_ANALYZER_NONNULL = YES;
				CLANG_ANALYZER_NUMBER_OBJECT_CONVERSION = YES_AGGRESSIVE;
				CLANG_CXX_LANGUAGE_STANDARD = "gnu++20";
				CLANG_ENABLE_MODULES = YES;
				CLANG_ENABLE_OBJC_ARC = YES;
				CLANG_ENABLE_OBJC_WEAK = YES;
				CLANG_WARN_BLOCK_CAPTURE_AUTORELEASING = YES;
				CLANG_WARN_BOOL_CONVERSION = YES;
				CLANG_WARN_COMMA = YES;
				CLANG_WARN_CONSTANT_CONVERSION = YES;
				CLANG_WARN_DEPRECATED_OBJC_IMPLEMENTATIONS = YES;
				CLANG_WARN_DIRECT_OBJC_ISA_USAGE = YES_ERROR;
				CLANG_WARN_DOCUMENTATION_COMMENTS = YES;
				CLANG_WARN_EMPTY_BODY = YES;
				CLANG_WARN_ENUM_CONVERSION = YES;
				CLANG_WARN_INFINITE_RECURSION = YES;
				CLANG_WARN_INT_CONVERSION = YES;
				CLANG_WARN_NON_LITERAL_NULL_CONVERSION = YES;
				CLANG_WARN_OBJC_IMPLICIT_RETAIN_SELF = YES;
				CLANG_WARN_OBJC_LITERAL_CONVERSION = YES;
				CLANG_WARN_OBJC_ROOT_CLASS = YES_ERROR;
				CLANG_WARN_QUOTED_INCLUDE_IN_FRAMEWORK_HEADER = YES;
				CLANG_WARN_RANGE_LOOP_ANALYSIS = YES;
				CLANG_WARN_STRICT_PROTOTYPES = YES;
				CLANG_WARN_SUSPICIOUS_MOVE = YES;
				CLANG_WARN_UNGUARDED_AVAILABILITY = YES_AGGRESSIVE;
				CLANG_WARN_UNREACHABLE_CODE = YES;
				CLANG_WARN__DUPLICATE_METHOD_MATCH = YES;
				COPY_PHASE_STRIP = NO;
				DEBUG_INFORMATION_FORMAT = "dwarf-with-dsym";
				ENABLE_NS_ASSERTIONS = NO;
				ENABLE_STRICT_OBJC_MSGSEND = YES;
				ENABLE_USER_SCRIPT_SANDBOXING = YES;
				GCC_C_LANGUAGE_STANDARD = gnu17;
				GCC_NO_COMMON_BLOCKS = YES;
				GCC_WARN_64_TO_32_BIT_CONVERSION = YES;
				GCC_WARN_ABOUT_RETURN_TYPE = YES_ERROR;
				GCC_WARN_UNDECLARED_SELECTOR = YES;
				GCC_WARN_UNINITIALIZED_AUTOS = YES_AGGRESSIVE;
				GCC_WARN_UNUSED_FUNCTION = YES;
				GCC_WARN_UNUSED_VARIABLE = YES;
				IPHONEOS_DEPLOYMENT_TARGET = 17.0;
				LOCALIZATION_PREFERS_STRING_CATALOGS = YES;
				MACOSX_DEPLOYMENT_TARGET = 14.0;
				MTL_ENABLE_DEBUG_INFO = NO;
				MTL_FAST_MATH = YES;
				SWIFT_COMPILATION_MODE = wholemodule;
			};
			name = Release;
		};
		70CE608C2BAD2D4700A2D0B0 /* Debug */ = {
			isa = XCBuildConfiguration;
			buildSettings = {
				ASSETCATALOG_COMPILER_APPICON_NAME = AppIcon;
				ASSETCATALOG_COMPILER_GLOBAL_ACCENT_COLOR_NAME = AccentColor;
				ASSETCATALOG_COMPILER_INCLUDE_ALL_APPICON_ASSETS = NO;
				CODE_SIGN_ENTITLEMENTS = ModelCraft/ModelCraft.entitlements;
				"CODE_SIGN_IDENTITY[sdk=macosx*]" = "Apple Development";
				CODE_SIGN_STYLE = Automatic;
				CURRENT_PROJECT_VERSION = 3;
				DEVELOPMENT_ASSET_PATHS = "\"ModelCraft/Preview Content\"";
				DEVELOPMENT_TEAM = DTZV6LDYD5;
				ENABLE_HARDENED_RUNTIME = YES;
				ENABLE_PREVIEWS = YES;
				GENERATE_INFOPLIST_FILE = YES;
				INFOPLIST_FILE = ModelCraft/Info.plist;
				INFOPLIST_KEY_LSApplicationCategoryType = "public.app-category.entertainment";
				INFOPLIST_KEY_NSMicrophoneUsageDescription = "The app wants to access your microphone.";
				INFOPLIST_KEY_NSSpeechRecognitionUsageDescription = "You can chat with models in the app.";
				"INFOPLIST_KEY_UIApplicationSceneManifest_Generation[sdk=iphoneos*]" = YES;
				"INFOPLIST_KEY_UIApplicationSceneManifest_Generation[sdk=iphonesimulator*]" = YES;
				"INFOPLIST_KEY_UIApplicationSupportsIndirectInputEvents[sdk=iphoneos*]" = YES;
				"INFOPLIST_KEY_UIApplicationSupportsIndirectInputEvents[sdk=iphonesimulator*]" = YES;
				"INFOPLIST_KEY_UILaunchScreen_Generation[sdk=iphoneos*]" = YES;
				"INFOPLIST_KEY_UILaunchScreen_Generation[sdk=iphonesimulator*]" = YES;
				INFOPLIST_KEY_UILaunchStoryboardName = "";
				"INFOPLIST_KEY_UIStatusBarStyle[sdk=iphoneos*]" = UIStatusBarStyleDefault;
				"INFOPLIST_KEY_UIStatusBarStyle[sdk=iphonesimulator*]" = UIStatusBarStyleDefault;
				INFOPLIST_KEY_UISupportedInterfaceOrientations_iPad = "UIInterfaceOrientationPortrait UIInterfaceOrientationPortraitUpsideDown UIInterfaceOrientationLandscapeLeft UIInterfaceOrientationLandscapeRight";
				INFOPLIST_KEY_UISupportedInterfaceOrientations_iPhone = "UIInterfaceOrientationPortrait UIInterfaceOrientationLandscapeLeft UIInterfaceOrientationLandscapeRight";
				IPHONEOS_DEPLOYMENT_TARGET = 17.0;
				LD_RUNPATH_SEARCH_PATHS = "@executable_path/Frameworks";
				"LD_RUNPATH_SEARCH_PATHS[sdk=macosx*]" = "@executable_path/../Frameworks";
				MACOSX_DEPLOYMENT_TARGET = 14.0;
				MARKETING_VERSION = 0.2;
				PRODUCT_BUNDLE_IDENTIFIER = com.zhanghongshen.ModelCraft;
				PRODUCT_NAME = "$(TARGET_NAME)";
				SDKROOT = auto;
				SUPPORTED_PLATFORMS = macosx;
				SUPPORTS_MACCATALYST = NO;
				SWIFT_EMIT_LOC_STRINGS = YES;
				SWIFT_VERSION = 5.0;
			};
			name = Debug;
		};
		70CE608D2BAD2D4700A2D0B0 /* Release */ = {
			isa = XCBuildConfiguration;
			buildSettings = {
				ASSETCATALOG_COMPILER_APPICON_NAME = AppIcon;
				ASSETCATALOG_COMPILER_GLOBAL_ACCENT_COLOR_NAME = AccentColor;
				ASSETCATALOG_COMPILER_INCLUDE_ALL_APPICON_ASSETS = NO;
				CODE_SIGN_ENTITLEMENTS = ModelCraft/ModelCraft.entitlements;
				"CODE_SIGN_IDENTITY[sdk=macosx*]" = "Apple Development";
				CODE_SIGN_STYLE = Automatic;
				CURRENT_PROJECT_VERSION = 3;
				DEVELOPMENT_ASSET_PATHS = "\"ModelCraft/Preview Content\"";
				DEVELOPMENT_TEAM = DTZV6LDYD5;
				ENABLE_HARDENED_RUNTIME = YES;
				ENABLE_PREVIEWS = YES;
				GENERATE_INFOPLIST_FILE = YES;
				INFOPLIST_FILE = ModelCraft/Info.plist;
				INFOPLIST_KEY_LSApplicationCategoryType = "public.app-category.entertainment";
				INFOPLIST_KEY_NSMicrophoneUsageDescription = "The app wants to access your microphone.";
				INFOPLIST_KEY_NSSpeechRecognitionUsageDescription = "You can chat with models in the app.";
				"INFOPLIST_KEY_UIApplicationSceneManifest_Generation[sdk=iphoneos*]" = YES;
				"INFOPLIST_KEY_UIApplicationSceneManifest_Generation[sdk=iphonesimulator*]" = YES;
				"INFOPLIST_KEY_UIApplicationSupportsIndirectInputEvents[sdk=iphoneos*]" = YES;
				"INFOPLIST_KEY_UIApplicationSupportsIndirectInputEvents[sdk=iphonesimulator*]" = YES;
				"INFOPLIST_KEY_UILaunchScreen_Generation[sdk=iphoneos*]" = YES;
				"INFOPLIST_KEY_UILaunchScreen_Generation[sdk=iphonesimulator*]" = YES;
				INFOPLIST_KEY_UILaunchStoryboardName = "";
				"INFOPLIST_KEY_UIStatusBarStyle[sdk=iphoneos*]" = UIStatusBarStyleDefault;
				"INFOPLIST_KEY_UIStatusBarStyle[sdk=iphonesimulator*]" = UIStatusBarStyleDefault;
				INFOPLIST_KEY_UISupportedInterfaceOrientations_iPad = "UIInterfaceOrientationPortrait UIInterfaceOrientationPortraitUpsideDown UIInterfaceOrientationLandscapeLeft UIInterfaceOrientationLandscapeRight";
				INFOPLIST_KEY_UISupportedInterfaceOrientations_iPhone = "UIInterfaceOrientationPortrait UIInterfaceOrientationLandscapeLeft UIInterfaceOrientationLandscapeRight";
				IPHONEOS_DEPLOYMENT_TARGET = 17.0;
				LD_RUNPATH_SEARCH_PATHS = "@executable_path/Frameworks";
				"LD_RUNPATH_SEARCH_PATHS[sdk=macosx*]" = "@executable_path/../Frameworks";
				MACOSX_DEPLOYMENT_TARGET = 14.0;
				MARKETING_VERSION = 0.2;
				PRODUCT_BUNDLE_IDENTIFIER = com.zhanghongshen.ModelCraft;
				PRODUCT_NAME = "$(TARGET_NAME)";
				SDKROOT = auto;
				SUPPORTED_PLATFORMS = macosx;
				SUPPORTS_MACCATALYST = NO;
				SWIFT_EMIT_LOC_STRINGS = YES;
				SWIFT_VERSION = 5.0;
			};
			name = Release;
		};
		70CE608F2BAD2D4700A2D0B0 /* Debug */ = {
			isa = XCBuildConfiguration;
			buildSettings = {
				ALWAYS_EMBED_SWIFT_STANDARD_LIBRARIES = YES;
				BUNDLE_LOADER = "$(TEST_HOST)";
				CODE_SIGN_STYLE = Automatic;
				CURRENT_PROJECT_VERSION = 1;
				DEVELOPMENT_TEAM = DTZV6LDYD5;
				GENERATE_INFOPLIST_FILE = YES;
				IPHONEOS_DEPLOYMENT_TARGET = 17.4;
				MACOSX_DEPLOYMENT_TARGET = 14.3;
				MARKETING_VERSION = 1.0;
				PRODUCT_BUNDLE_IDENTIFIER = com.zhanghongshen.ModelCraftTests;
				PRODUCT_NAME = "$(TARGET_NAME)";
				SDKROOT = auto;
				SUPPORTED_PLATFORMS = "iphoneos iphonesimulator macosx";
				SWIFT_EMIT_LOC_STRINGS = NO;
				SWIFT_VERSION = 5.0;
				TARGETED_DEVICE_FAMILY = "1,2";
				TEST_HOST = "$(BUILT_PRODUCTS_DIR)/ModelCraft.app/$(BUNDLE_EXECUTABLE_FOLDER_PATH)/ModelCraft";
			};
			name = Debug;
		};
		70CE60902BAD2D4700A2D0B0 /* Release */ = {
			isa = XCBuildConfiguration;
			buildSettings = {
				ALWAYS_EMBED_SWIFT_STANDARD_LIBRARIES = YES;
				BUNDLE_LOADER = "$(TEST_HOST)";
				CODE_SIGN_STYLE = Automatic;
				CURRENT_PROJECT_VERSION = 1;
				DEVELOPMENT_TEAM = DTZV6LDYD5;
				GENERATE_INFOPLIST_FILE = YES;
				IPHONEOS_DEPLOYMENT_TARGET = 17.4;
				MACOSX_DEPLOYMENT_TARGET = 14.3;
				MARKETING_VERSION = 1.0;
				PRODUCT_BUNDLE_IDENTIFIER = com.zhanghongshen.ModelCraftTests;
				PRODUCT_NAME = "$(TARGET_NAME)";
				SDKROOT = auto;
				SUPPORTED_PLATFORMS = "iphoneos iphonesimulator macosx";
				SWIFT_EMIT_LOC_STRINGS = NO;
				SWIFT_VERSION = 5.0;
				TARGETED_DEVICE_FAMILY = "1,2";
				TEST_HOST = "$(BUILT_PRODUCTS_DIR)/ModelCraft.app/$(BUNDLE_EXECUTABLE_FOLDER_PATH)/ModelCraft";
			};
			name = Release;
		};
		70CE60922BAD2D4700A2D0B0 /* Debug */ = {
			isa = XCBuildConfiguration;
			buildSettings = {
				ALWAYS_EMBED_SWIFT_STANDARD_LIBRARIES = YES;
				CODE_SIGN_STYLE = Automatic;
				CURRENT_PROJECT_VERSION = 1;
				DEVELOPMENT_TEAM = DTZV6LDYD5;
				GENERATE_INFOPLIST_FILE = YES;
				IPHONEOS_DEPLOYMENT_TARGET = 17.4;
				MACOSX_DEPLOYMENT_TARGET = 14.3;
				MARKETING_VERSION = 1.0;
				PRODUCT_BUNDLE_IDENTIFIER = com.zhanghongshen.ModelCraftUITests;
				PRODUCT_NAME = "$(TARGET_NAME)";
				SDKROOT = auto;
				SUPPORTED_PLATFORMS = "iphoneos iphonesimulator macosx";
				SWIFT_EMIT_LOC_STRINGS = NO;
				SWIFT_VERSION = 5.0;
				TARGETED_DEVICE_FAMILY = "1,2";
				TEST_TARGET_NAME = ModelCraft;
			};
			name = Debug;
		};
		70CE60932BAD2D4700A2D0B0 /* Release */ = {
			isa = XCBuildConfiguration;
			buildSettings = {
				ALWAYS_EMBED_SWIFT_STANDARD_LIBRARIES = YES;
				CODE_SIGN_STYLE = Automatic;
				CURRENT_PROJECT_VERSION = 1;
				DEVELOPMENT_TEAM = DTZV6LDYD5;
				GENERATE_INFOPLIST_FILE = YES;
				IPHONEOS_DEPLOYMENT_TARGET = 17.4;
				MACOSX_DEPLOYMENT_TARGET = 14.3;
				MARKETING_VERSION = 1.0;
				PRODUCT_BUNDLE_IDENTIFIER = com.zhanghongshen.ModelCraftUITests;
				PRODUCT_NAME = "$(TARGET_NAME)";
				SDKROOT = auto;
				SUPPORTED_PLATFORMS = "iphoneos iphonesimulator macosx";
				SWIFT_EMIT_LOC_STRINGS = NO;
				SWIFT_VERSION = 5.0;
				TARGETED_DEVICE_FAMILY = "1,2";
				TEST_TARGET_NAME = ModelCraft;
			};
			name = Release;
		};
/* End XCBuildConfiguration section */

/* Begin XCConfigurationList section */
		70CE605F2BAD2D4500A2D0B0 /* Build configuration list for PBXProject "ModelCraft" */ = {
			isa = XCConfigurationList;
			buildConfigurations = (
				70CE60892BAD2D4700A2D0B0 /* Debug */,
				70CE608A2BAD2D4700A2D0B0 /* Release */,
			);
			defaultConfigurationIsVisible = 0;
			defaultConfigurationName = Release;
		};
		70CE608B2BAD2D4700A2D0B0 /* Build configuration list for PBXNativeTarget "ModelCraft" */ = {
			isa = XCConfigurationList;
			buildConfigurations = (
				70CE608C2BAD2D4700A2D0B0 /* Debug */,
				70CE608D2BAD2D4700A2D0B0 /* Release */,
			);
			defaultConfigurationIsVisible = 0;
			defaultConfigurationName = Release;
		};
		70CE608E2BAD2D4700A2D0B0 /* Build configuration list for PBXNativeTarget "ModelCraftTests" */ = {
			isa = XCConfigurationList;
			buildConfigurations = (
				70CE608F2BAD2D4700A2D0B0 /* Debug */,
				70CE60902BAD2D4700A2D0B0 /* Release */,
			);
			defaultConfigurationIsVisible = 0;
			defaultConfigurationName = Release;
		};
		70CE60912BAD2D4700A2D0B0 /* Build configuration list for PBXNativeTarget "ModelCraftUITests" */ = {
			isa = XCConfigurationList;
			buildConfigurations = (
				70CE60922BAD2D4700A2D0B0 /* Debug */,
				70CE60932BAD2D4700A2D0B0 /* Release */,
			);
			defaultConfigurationIsVisible = 0;
			defaultConfigurationName = Release;
		};
/* End XCConfigurationList section */

/* Begin XCRemoteSwiftPackageReference section */
		7019541C2BC78DF100CD2ED3 /* XCRemoteSwiftPackageReference "Sparkle" */ = {
			isa = XCRemoteSwiftPackageReference;
			repositoryURL = "https://github.com/sparkle-project/Sparkle";
			requirement = {
				kind = upToNextMajorVersion;
				minimumVersion = 2.6.0;
			};
		};
		70A574A62BB0716A008E3750 /* XCRemoteSwiftPackageReference "swift-collections" */ = {
			isa = XCRemoteSwiftPackageReference;
			repositoryURL = "https://github.com/apple/swift-collections.git";
			requirement = {
				kind = upToNextMajorVersion;
				minimumVersion = 1.1.0;
			};
		};
		70A574AB2BB0894A008E3750 /* XCRemoteSwiftPackageReference "ActivityIndicatorView" */ = {
			isa = XCRemoteSwiftPackageReference;
			repositoryURL = "https://github.com/exyte/ActivityIndicatorView";
			requirement = {
				kind = upToNextMajorVersion;
				minimumVersion = 1.1.1;
			};
		};
		70B13D002BBAF27700A42F3C /* XCRemoteSwiftPackageReference "SVDB" */ = {
			isa = XCRemoteSwiftPackageReference;
			repositoryURL = "https://github.com/Dripfarm/SVDB.git";
			requirement = {
				kind = upToNextMajorVersion;
				minimumVersion = 2.0.0;
			};
		};
		70C22FC02BAEC581002754C7 /* XCRemoteSwiftPackageReference "Splash" */ = {
			isa = XCRemoteSwiftPackageReference;
			repositoryURL = "https://github.com/JohnSundell/Splash";
			requirement = {
				kind = upToNextMajorVersion;
				minimumVersion = 0.16.0;
			};
		};
		70C22FDD2BAFD463002754C7 /* XCRemoteSwiftPackageReference "Kingfisher" */ = {
			isa = XCRemoteSwiftPackageReference;
			repositoryURL = "https://github.com/onevcat/Kingfisher";
			requirement = {
				kind = upToNextMajorVersion;
				minimumVersion = 7.11.0;
			};
		};
		70E201702BADE31700CFE1D7 /* XCRemoteSwiftPackageReference "Alamofire" */ = {
			isa = XCRemoteSwiftPackageReference;
			repositoryURL = "https://github.com/Alamofire/Alamofire";
			requirement = {
				kind = upToNextMajorVersion;
				minimumVersion = 5.9.0;
			};
		};
		70E2017E2BAEB86A00CFE1D7 /* XCRemoteSwiftPackageReference "swift-markdown-ui" */ = {
			isa = XCRemoteSwiftPackageReference;
			repositoryURL = "https://github.com/gonzalezreal/swift-markdown-ui";
			requirement = {
				kind = upToNextMajorVersion;
				minimumVersion = 2.3.0;
			};
		};
/* End XCRemoteSwiftPackageReference section */

/* Begin XCSwiftPackageProductDependency section */
		7019541D2BC78DF100CD2ED3 /* Sparkle */ = {
			isa = XCSwiftPackageProductDependency;
			package = 7019541C2BC78DF100CD2ED3 /* XCRemoteSwiftPackageReference "Sparkle" */;
			productName = Sparkle;
		};
		703422102BB6A38C00332E04 /* OllamaKit */ = {
			isa = XCSwiftPackageProductDependency;
			productName = OllamaKit;
		};
		70A574A72BB0716A008E3750 /* OrderedCollections */ = {
			isa = XCSwiftPackageProductDependency;
			package = 70A574A62BB0716A008E3750 /* XCRemoteSwiftPackageReference "swift-collections" */;
			productName = OrderedCollections;
		};
		70A574AC2BB0894A008E3750 /* ActivityIndicatorView */ = {
			isa = XCSwiftPackageProductDependency;
			package = 70A574AB2BB0894A008E3750 /* XCRemoteSwiftPackageReference "ActivityIndicatorView" */;
			productName = ActivityIndicatorView;
		};
		70B13D012BBAF27700A42F3C /* SVDB */ = {
			isa = XCSwiftPackageProductDependency;
			package = 70B13D002BBAF27700A42F3C /* XCRemoteSwiftPackageReference "SVDB" */;
			productName = SVDB;
		};
		70C22FC12BAEC581002754C7 /* Splash */ = {
			isa = XCSwiftPackageProductDependency;
			package = 70C22FC02BAEC581002754C7 /* XCRemoteSwiftPackageReference "Splash" */;
			productName = Splash;
		};
		70C22FDE2BAFD463002754C7 /* Kingfisher */ = {
			isa = XCSwiftPackageProductDependency;
			package = 70C22FDD2BAFD463002754C7 /* XCRemoteSwiftPackageReference "Kingfisher" */;
			productName = Kingfisher;
		};
		70E201712BADE31700CFE1D7 /* Alamofire */ = {
			isa = XCSwiftPackageProductDependency;
			package = 70E201702BADE31700CFE1D7 /* XCRemoteSwiftPackageReference "Alamofire" */;
			productName = Alamofire;
		};
		70E2017F2BAEB86A00CFE1D7 /* MarkdownUI */ = {
			isa = XCSwiftPackageProductDependency;
			package = 70E2017E2BAEB86A00CFE1D7 /* XCRemoteSwiftPackageReference "swift-markdown-ui" */;
			productName = MarkdownUI;
		};
/* End XCSwiftPackageProductDependency section */
	};
	rootObject = 70CE605C2BAD2D4500A2D0B0 /* Project object */;
}
